// !$*UTF8*$!
{
	archiveVersion = 1;
	classes = {
	};
	objectVersion = 46;
	objects = {

/* Begin PBXBuildFile section */
		161409A31871300900387BB8 /* Storyboard.storyboard in Resources */ = {isa = PBXBuildFile; fileRef = 161409A21871300900387BB8 /* Storyboard.storyboard */; };
		BB0708DF2B4A54970070369B /* PKCardNumber.m in Sources */ = {isa = PBXBuildFile; fileRef = BB0708B52B4A54970070369B /* PKCardNumber.m */; };
		BB0708E02B4A54970070369B /* PKAddressZip.m in Sources */ = {isa = PBXBuildFile; fileRef = BB0708B92B4A54970070369B /* PKAddressZip.m */; };
		BB0708E12B4A54970070369B /* placeholder@2x.png in Resources */ = {isa = PBXBuildFile; fileRef = BB0708BD2B4A54970070369B /* placeholder@2x.png */; };
		BB0708E22B4A54970070369B /* discover.png in Resources */ = {isa = PBXBuildFile; fileRef = BB0708BE2B4A54970070369B /* discover.png */; };
		BB0708E32B4A54970070369B /* jcb-outline@2x.png in Resources */ = {isa = PBXBuildFile; fileRef = BB0708BF2B4A54970070369B /* jcb-outline@2x.png */; };
		BB0708E42B4A54970070369B /* diners.png in Resources */ = {isa = PBXBuildFile; fileRef = BB0708C02B4A54970070369B /* diners.png */; };
		BB0708E52B4A54970070369B /* cvc-amex.png in Resources */ = {isa = PBXBuildFile; fileRef = BB0708C12B4A54970070369B /* cvc-amex.png */; };
		BB0708E62B4A54970070369B /* visa-outline@2x.png in Resources */ = {isa = PBXBuildFile; fileRef = BB0708C22B4A54970070369B /* visa-outline@2x.png */; };
		BB0708E72B4A54970070369B /* cvc.png in Resources */ = {isa = PBXBuildFile; fileRef = BB0708C32B4A54970070369B /* cvc.png */; };
		BB0708E82B4A54970070369B /* cvc-amex@2x.png in Resources */ = {isa = PBXBuildFile; fileRef = BB0708C42B4A54970070369B /* cvc-amex@2x.png */; };
		BB0708E92B4A54970070369B /* visa@2x.png in Resources */ = {isa = PBXBuildFile; fileRef = BB0708C52B4A54970070369B /* visa@2x.png */; };
		BB0708EA2B4A54970070369B /* visa.png in Resources */ = {isa = PBXBuildFile; fileRef = BB0708C62B4A54970070369B /* visa.png */; };
		BB0708EB2B4A54970070369B /* diners@2x.png in Resources */ = {isa = PBXBuildFile; fileRef = BB0708C72B4A54970070369B /* diners@2x.png */; };
		BB0708EC2B4A54970070369B /* placeholder-outline@2x.png in Resources */ = {isa = PBXBuildFile; fileRef = BB0708C82B4A54970070369B /* placeholder-outline@2x.png */; };
		BB0708ED2B4A54970070369B /* placeholder.png in Resources */ = {isa = PBXBuildFile; fileRef = BB0708C92B4A54970070369B /* placeholder.png */; };
		BB0708EE2B4A54970070369B /* mastercard@2x.png in Resources */ = {isa = PBXBuildFile; fileRef = BB0708CA2B4A54970070369B /* mastercard@2x.png */; };
		BB0708EF2B4A54970070369B /* amex-outline@2x.png in Resources */ = {isa = PBXBuildFile; fileRef = BB0708CB2B4A54970070369B /* amex-outline@2x.png */; };
		BB0708F02B4A54970070369B /* discover@2x.png in Resources */ = {isa = PBXBuildFile; fileRef = BB0708CC2B4A54970070369B /* discover@2x.png */; };
		BB0708F12B4A54970070369B /* jcb.png in Resources */ = {isa = PBXBuildFile; fileRef = BB0708CD2B4A54970070369B /* jcb.png */; };
		BB0708F22B4A54970070369B /* jcb@2x.png in Resources */ = {isa = PBXBuildFile; fileRef = BB0708CE2B4A54970070369B /* jcb@2x.png */; };
		BB0708F32B4A54970070369B /* amex@2x.png in Resources */ = {isa = PBXBuildFile; fileRef = BB0708CF2B4A54970070369B /* amex@2x.png */; };
		BB0708F42B4A54970070369B /* amex.png in Resources */ = {isa = PBXBuildFile; fileRef = BB0708D02B4A54970070369B /* amex.png */; };
		BB0708F52B4A54970070369B /* mastercard.png in Resources */ = {isa = PBXBuildFile; fileRef = BB0708D12B4A54970070369B /* mastercard.png */; };
		BB0708F62B4A54970070369B /* mastercard-outline@2x.png in Resources */ = {isa = PBXBuildFile; fileRef = BB0708D22B4A54970070369B /* mastercard-outline@2x.png */; };
		BB0708F72B4A54970070369B /* cvc@2x.png in Resources */ = {isa = PBXBuildFile; fileRef = BB0708D32B4A54970070369B /* cvc@2x.png */; };
		BB0708F82B4A54970070369B /* PKCardCVC.m in Sources */ = {isa = PBXBuildFile; fileRef = BB0708D52B4A54970070369B /* PKCardCVC.m */; };
		BB0708F92B4A54970070369B /* PKTextField.m in Sources */ = {isa = PBXBuildFile; fileRef = BB0708D62B4A54970070369B /* PKTextField.m */; };
		BB0708FA2B4A54970070369B /* PKCardExpiry.m in Sources */ = {isa = PBXBuildFile; fileRef = BB0708D92B4A54970070369B /* PKCardExpiry.m */; };
		BB0708FB2B4A54970070369B /* PKView.m in Sources */ = {isa = PBXBuildFile; fileRef = BB0708DA2B4A54970070369B /* PKView.m */; };
		BB0708FC2B4A54970070369B /* PKUSAddressZip.m in Sources */ = {isa = PBXBuildFile; fileRef = BB0708DC2B4A54970070369B /* PKUSAddressZip.m */; };
		BB0708FD2B4A54970070369B /* PKCard.m in Sources */ = {isa = PBXBuildFile; fileRef = BB0708DE2B4A54970070369B /* PKCard.m */; };
		BBD8085B239AF74800D15258 /* SwiftPaymentViewController.txt in Sources */ = {isa = PBXBuildFile; fileRef = BBD8085A239AF74800D15258 /* SwiftPaymentViewController.txt */; };
		FA007D1F16FA3B82006DD86E /* QuartzCore.framework in Frameworks */ = {isa = PBXBuildFile; fileRef = FA6F1A5916C19BF700835C75 /* QuartzCore.framework */; };
		FA45AC7116AE350D0003A41D /* UIKit.framework in Frameworks */ = {isa = PBXBuildFile; fileRef = FA45AC7016AE350D0003A41D /* UIKit.framework */; };
		FA45AC7316AE350D0003A41D /* Foundation.framework in Frameworks */ = {isa = PBXBuildFile; fileRef = FA45AC7216AE350D0003A41D /* Foundation.framework */; };
		FA45AC7516AE350D0003A41D /* CoreGraphics.framework in Frameworks */ = {isa = PBXBuildFile; fileRef = FA45AC7416AE350D0003A41D /* CoreGraphics.framework */; };
		FA45AC7B16AE350D0003A41D /* InfoPlist.strings in Resources */ = {isa = PBXBuildFile; fileRef = FA45AC7916AE350D0003A41D /* InfoPlist.strings */; };
		FA45AC7D16AE350D0003A41D /* main.m in Sources */ = {isa = PBXBuildFile; fileRef = FA45AC7C16AE350D0003A41D /* main.m */; };
		FA45AC8116AE350D0003A41D /* AppDelegate.m in Sources */ = {isa = PBXBuildFile; fileRef = FA45AC8016AE350D0003A41D /* AppDelegate.m */; };
		FA45AC8316AE350D0003A41D /* Default.png in Resources */ = {isa = PBXBuildFile; fileRef = FA45AC8216AE350D0003A41D /* Default.png */; };
		FA45AC8516AE350D0003A41D /* Default@2x.png in Resources */ = {isa = PBXBuildFile; fileRef = FA45AC8416AE350D0003A41D /* Default@2x.png */; };
		FA45AC8716AE350E0003A41D /* Default-568h@2x.png in Resources */ = {isa = PBXBuildFile; fileRef = FA45AC8616AE350E0003A41D /* Default-568h@2x.png */; };
		FA45AC8A16AE350E0003A41D /* PaymentViewController.m in Sources */ = {isa = PBXBuildFile; fileRef = FA45AC8916AE350E0003A41D /* PaymentViewController.m */; };
		FA6A2F8C16C2D6F400915AEB /* SenTestingKit.framework in Frameworks */ = {isa = PBXBuildFile; fileRef = FA6A2F8B16C2D6F400915AEB /* SenTestingKit.framework */; };
		FA6A2F8D16C2D6F400915AEB /* UIKit.framework in Frameworks */ = {isa = PBXBuildFile; fileRef = FA45AC7016AE350D0003A41D /* UIKit.framework */; };
		FA6A2F8E16C2D6F400915AEB /* Foundation.framework in Frameworks */ = {isa = PBXBuildFile; fileRef = FA45AC7216AE350D0003A41D /* Foundation.framework */; };
		FA6A2F9416C2D6F400915AEB /* InfoPlist.strings in Resources */ = {isa = PBXBuildFile; fileRef = FA6A2F9216C2D6F400915AEB /* InfoPlist.strings */; };
		FA6A2F9716C2D6F400915AEB /* PKTest.m in Sources */ = {isa = PBXBuildFile; fileRef = FA6A2F9616C2D6F400915AEB /* PKTest.m */; };
		FA6A2F9E16C2D89600915AEB /* PKCardNumberTest.m in Sources */ = {isa = PBXBuildFile; fileRef = FA6A2F9D16C2D89600915AEB /* PKCardNumberTest.m */; };
		FA6A2FA216C2E00E00915AEB /* PKCardCVCTest.m in Sources */ = {isa = PBXBuildFile; fileRef = FA6A2FA116C2E00E00915AEB /* PKCardCVCTest.m */; };
		FA6A2FA616C2E1F400915AEB /* PKCardExpiryTest.m in Sources */ = {isa = PBXBuildFile; fileRef = FA6A2FA516C2E1F400915AEB /* PKCardExpiryTest.m */; };
		FA6F1A5E16C1B21000835C75 /* ViewController.m in Sources */ = {isa = PBXBuildFile; fileRef = FA6F1A5C16C1B21000835C75 /* ViewController.m */; };
		FADC4C1D16E1B3080048064A /* PaymentKit Test-Info.plist in Resources */ = {isa = PBXBuildFile; fileRef = FA6A2F9116C2D6F400915AEB /* PaymentKit Test-Info.plist */; };
/* End PBXBuildFile section */

/* Begin PBXFileReference section */
		161409A21871300900387BB8 /* Storyboard.storyboard */ = {isa = PBXFileReference; fileEncoding = 4; lastKnownFileType = file.storyboard; path = Storyboard.storyboard; sourceTree = "<group>"; };
		BB0708B22B4A54970070369B /* bridging-Header.h */ = {isa = PBXFileReference; fileEncoding = 4; lastKnownFileType = sourcecode.c.h; name = "bridging-Header.h"; path = "../Sources/bridging-Header.h"; sourceTree = "<group>"; };
		BB0708B42B4A54970070369B /* PKTextField.h */ = {isa = PBXFileReference; fileEncoding = 4; lastKnownFileType = sourcecode.c.h; path = PKTextField.h; sourceTree = "<group>"; };
		BB0708B52B4A54970070369B /* PKCardNumber.m */ = {isa = PBXFileReference; fileEncoding = 4; lastKnownFileType = sourcecode.c.objc; path = PKCardNumber.m; sourceTree = "<group>"; };
		BB0708B72B4A54970070369B /* PKView.h */ = {isa = PBXFileReference; fileEncoding = 4; lastKnownFileType = sourcecode.c.h; path = PKView.h; sourceTree = "<group>"; };
		BB0708B82B4A54970070369B /* PKCardExpiry.h */ = {isa = PBXFileReference; fileEncoding = 4; lastKnownFileType = sourcecode.c.h; path = PKCardExpiry.h; sourceTree = "<group>"; };
		BB0708B92B4A54970070369B /* PKAddressZip.m */ = {isa = PBXFileReference; fileEncoding = 4; lastKnownFileType = sourcecode.c.objc; path = PKAddressZip.m; sourceTree = "<group>"; };
		BB0708BA2B4A54970070369B /* PKUSAddressZip.h */ = {isa = PBXFileReference; fileEncoding = 4; lastKnownFileType = sourcecode.c.h; path = PKUSAddressZip.h; sourceTree = "<group>"; };
		BB0708BD2B4A54970070369B /* placeholder@2x.png */ = {isa = PBXFileReference; lastKnownFileType = image.png; path = "placeholder@2x.png"; sourceTree = "<group>"; };
		BB0708BE2B4A54970070369B /* discover.png */ = {isa = PBXFileReference; lastKnownFileType = image.png; path = discover.png; sourceTree = "<group>"; };
		BB0708BF2B4A54970070369B /* jcb-outline@2x.png */ = {isa = PBXFileReference; lastKnownFileType = image.png; path = "jcb-outline@2x.png"; sourceTree = "<group>"; };
		BB0708C02B4A54970070369B /* diners.png */ = {isa = PBXFileReference; lastKnownFileType = image.png; path = diners.png; sourceTree = "<group>"; };
		BB0708C12B4A54970070369B /* cvc-amex.png */ = {isa = PBXFileReference; lastKnownFileType = image.png; path = "cvc-amex.png"; sourceTree = "<group>"; };
		BB0708C22B4A54970070369B /* visa-outline@2x.png */ = {isa = PBXFileReference; lastKnownFileType = image.png; path = "visa-outline@2x.png"; sourceTree = "<group>"; };
		BB0708C32B4A54970070369B /* cvc.png */ = {isa = PBXFileReference; lastKnownFileType = image.png; path = cvc.png; sourceTree = "<group>"; };
		BB0708C42B4A54970070369B /* cvc-amex@2x.png */ = {isa = PBXFileReference; lastKnownFileType = image.png; path = "cvc-amex@2x.png"; sourceTree = "<group>"; };
		BB0708C52B4A54970070369B /* visa@2x.png */ = {isa = PBXFileReference; lastKnownFileType = image.png; path = "visa@2x.png"; sourceTree = "<group>"; };
		BB0708C62B4A54970070369B /* visa.png */ = {isa = PBXFileReference; lastKnownFileType = image.png; path = visa.png; sourceTree = "<group>"; };
		BB0708C72B4A54970070369B /* diners@2x.png */ = {isa = PBXFileReference; lastKnownFileType = image.png; path = "diners@2x.png"; sourceTree = "<group>"; };
		BB0708C82B4A54970070369B /* placeholder-outline@2x.png */ = {isa = PBXFileReference; lastKnownFileType = image.png; path = "placeholder-outline@2x.png"; sourceTree = "<group>"; };
		BB0708C92B4A54970070369B /* placeholder.png */ = {isa = PBXFileReference; lastKnownFileType = image.png; path = placeholder.png; sourceTree = "<group>"; };
		BB0708CA2B4A54970070369B /* mastercard@2x.png */ = {isa = PBXFileReference; lastKnownFileType = image.png; path = "mastercard@2x.png"; sourceTree = "<group>"; };
		BB0708CB2B4A54970070369B /* amex-outline@2x.png */ = {isa = PBXFileReference; lastKnownFileType = image.png; path = "amex-outline@2x.png"; sourceTree = "<group>"; };
		BB0708CC2B4A54970070369B /* discover@2x.png */ = {isa = PBXFileReference; lastKnownFileType = image.png; path = "discover@2x.png"; sourceTree = "<group>"; };
		BB0708CD2B4A54970070369B /* jcb.png */ = {isa = PBXFileReference; lastKnownFileType = image.png; path = jcb.png; sourceTree = "<group>"; };
		BB0708CE2B4A54970070369B /* jcb@2x.png */ = {isa = PBXFileReference; lastKnownFileType = image.png; path = "jcb@2x.png"; sourceTree = "<group>"; };
		BB0708CF2B4A54970070369B /* amex@2x.png */ = {isa = PBXFileReference; lastKnownFileType = image.png; path = "amex@2x.png"; sourceTree = "<group>"; };
		BB0708D02B4A54970070369B /* amex.png */ = {isa = PBXFileReference; lastKnownFileType = image.png; path = amex.png; sourceTree = "<group>"; };
		BB0708D12B4A54970070369B /* mastercard.png */ = {isa = PBXFileReference; lastKnownFileType = image.png; path = mastercard.png; sourceTree = "<group>"; };
		BB0708D22B4A54970070369B /* mastercard-outline@2x.png */ = {isa = PBXFileReference; lastKnownFileType = image.png; path = "mastercard-outline@2x.png"; sourceTree = "<group>"; };
		BB0708D32B4A54970070369B /* cvc@2x.png */ = {isa = PBXFileReference; lastKnownFileType = image.png; path = "cvc@2x.png"; sourceTree = "<group>"; };
		BB0708D42B4A54970070369B /* PKCard.h */ = {isa = PBXFileReference; fileEncoding = 4; lastKnownFileType = sourcecode.c.h; path = PKCard.h; sourceTree = "<group>"; };
		BB0708D52B4A54970070369B /* PKCardCVC.m */ = {isa = PBXFileReference; fileEncoding = 4; lastKnownFileType = sourcecode.c.objc; path = PKCardCVC.m; sourceTree = "<group>"; };
		BB0708D62B4A54970070369B /* PKTextField.m */ = {isa = PBXFileReference; fileEncoding = 4; lastKnownFileType = sourcecode.c.objc; path = PKTextField.m; sourceTree = "<group>"; };
		BB0708D72B4A54970070369B /* PKAddressZip.h */ = {isa = PBXFileReference; fileEncoding = 4; lastKnownFileType = sourcecode.c.h; path = PKAddressZip.h; sourceTree = "<group>"; };
		BB0708D82B4A54970070369B /* PKCardType.h */ = {isa = PBXFileReference; fileEncoding = 4; lastKnownFileType = sourcecode.c.h; path = PKCardType.h; sourceTree = "<group>"; };
		BB0708D92B4A54970070369B /* PKCardExpiry.m */ = {isa = PBXFileReference; fileEncoding = 4; lastKnownFileType = sourcecode.c.objc; path = PKCardExpiry.m; sourceTree = "<group>"; };
		BB0708DA2B4A54970070369B /* PKView.m */ = {isa = PBXFileReference; fileEncoding = 4; lastKnownFileType = sourcecode.c.objc; path = PKView.m; sourceTree = "<group>"; };
		BB0708DB2B4A54970070369B /* PKCardNumber.h */ = {isa = PBXFileReference; fileEncoding = 4; lastKnownFileType = sourcecode.c.h; path = PKCardNumber.h; sourceTree = "<group>"; };
		BB0708DC2B4A54970070369B /* PKUSAddressZip.m */ = {isa = PBXFileReference; fileEncoding = 4; lastKnownFileType = sourcecode.c.objc; path = PKUSAddressZip.m; sourceTree = "<group>"; };
		BB0708DD2B4A54970070369B /* PKCardCVC.h */ = {isa = PBXFileReference; fileEncoding = 4; lastKnownFileType = sourcecode.c.h; path = PKCardCVC.h; sourceTree = "<group>"; };
		BB0708DE2B4A54970070369B /* PKCard.m */ = {isa = PBXFileReference; fileEncoding = 4; lastKnownFileType = sourcecode.c.objc; path = PKCard.m; sourceTree = "<group>"; };
		BBD8085A239AF74800D15258 /* SwiftPaymentViewController.txt */ = {isa = PBXFileReference; lastKnownFileType = text; path = SwiftPaymentViewController.txt; sourceTree = "<group>"; };
		FA45AC6C16AE350D0003A41D /* PaymentKit Example.app */ = {isa = PBXFileReference; explicitFileType = wrapper.application; includeInIndex = 0; path = "PaymentKit Example.app"; sourceTree = BUILT_PRODUCTS_DIR; };
		FA45AC7016AE350D0003A41D /* UIKit.framework */ = {isa = PBXFileReference; lastKnownFileType = wrapper.framework; name = UIKit.framework; path = System/Library/Frameworks/UIKit.framework; sourceTree = SDKROOT; };
		FA45AC7216AE350D0003A41D /* Foundation.framework */ = {isa = PBXFileReference; lastKnownFileType = wrapper.framework; name = Foundation.framework; path = System/Library/Frameworks/Foundation.framework; sourceTree = SDKROOT; };
		FA45AC7416AE350D0003A41D /* CoreGraphics.framework */ = {isa = PBXFileReference; lastKnownFileType = wrapper.framework; name = CoreGraphics.framework; path = System/Library/Frameworks/CoreGraphics.framework; sourceTree = SDKROOT; };
		FA45AC7816AE350D0003A41D /* PaymentKit Example-Info.plist */ = {isa = PBXFileReference; lastKnownFileType = text.plist.xml; path = "PaymentKit Example-Info.plist"; sourceTree = "<group>"; };
		FA45AC7A16AE350D0003A41D /* en */ = {isa = PBXFileReference; lastKnownFileType = text.plist.strings; lineEnding = 0; name = en; path = en.lproj/InfoPlist.strings; sourceTree = "<group>"; xcLanguageSpecificationIdentifier = xcode.lang.simpleColoring; };
		FA45AC7C16AE350D0003A41D /* main.m */ = {isa = PBXFileReference; lastKnownFileType = sourcecode.c.objc; lineEnding = 0; path = main.m; sourceTree = "<group>"; xcLanguageSpecificationIdentifier = xcode.lang.objc; };
		FA45AC7E16AE350D0003A41D /* PaymentKit Example-Prefix.pch */ = {isa = PBXFileReference; lastKnownFileType = sourcecode.c.h; lineEnding = 0; path = "PaymentKit Example-Prefix.pch"; sourceTree = "<group>"; xcLanguageSpecificationIdentifier = xcode.lang.objc; };
		FA45AC7F16AE350D0003A41D /* AppDelegate.h */ = {isa = PBXFileReference; lastKnownFileType = sourcecode.c.h; lineEnding = 0; path = AppDelegate.h; sourceTree = "<group>"; xcLanguageSpecificationIdentifier = xcode.lang.objcpp; };
		FA45AC8016AE350D0003A41D /* AppDelegate.m */ = {isa = PBXFileReference; lastKnownFileType = sourcecode.c.objc; lineEnding = 0; path = AppDelegate.m; sourceTree = "<group>"; xcLanguageSpecificationIdentifier = xcode.lang.objc; };
		FA45AC8216AE350D0003A41D /* Default.png */ = {isa = PBXFileReference; lastKnownFileType = image.png; path = Default.png; sourceTree = "<group>"; };
		FA45AC8416AE350D0003A41D /* Default@2x.png */ = {isa = PBXFileReference; lastKnownFileType = image.png; path = "Default@2x.png"; sourceTree = "<group>"; };
		FA45AC8616AE350E0003A41D /* Default-568h@2x.png */ = {isa = PBXFileReference; lastKnownFileType = image.png; path = "Default-568h@2x.png"; sourceTree = "<group>"; };
		FA45AC8816AE350E0003A41D /* PaymentViewController.h */ = {isa = PBXFileReference; lastKnownFileType = sourcecode.c.h; lineEnding = 0; path = PaymentViewController.h; sourceTree = "<group>"; xcLanguageSpecificationIdentifier = xcode.lang.objcpp; };
		FA45AC8916AE350E0003A41D /* PaymentViewController.m */ = {isa = PBXFileReference; lastKnownFileType = sourcecode.c.objc; lineEnding = 0; path = PaymentViewController.m; sourceTree = "<group>"; xcLanguageSpecificationIdentifier = xcode.lang.objc; };
		FA6A2F8A16C2D6F400915AEB /* PaymentKit Test.octest */ = {isa = PBXFileReference; explicitFileType = wrapper.cfbundle; includeInIndex = 0; path = "PaymentKit Test.octest"; sourceTree = BUILT_PRODUCTS_DIR; };
		FA6A2F8B16C2D6F400915AEB /* SenTestingKit.framework */ = {isa = PBXFileReference; lastKnownFileType = wrapper.framework; name = SenTestingKit.framework; path = Library/Frameworks/SenTestingKit.framework; sourceTree = DEVELOPER_DIR; };
		FA6A2F9116C2D6F400915AEB /* PaymentKit Test-Info.plist */ = {isa = PBXFileReference; lastKnownFileType = text.plist.xml; path = "PaymentKit Test-Info.plist"; sourceTree = "<group>"; };
		FA6A2F9316C2D6F400915AEB /* en */ = {isa = PBXFileReference; lastKnownFileType = text.plist.strings; lineEnding = 0; name = en; path = en.lproj/InfoPlist.strings; sourceTree = "<group>"; xcLanguageSpecificationIdentifier = xcode.lang.simpleColoring; };
		FA6A2F9516C2D6F400915AEB /* PKTest.h */ = {isa = PBXFileReference; lastKnownFileType = sourcecode.c.h; lineEnding = 0; path = PKTest.h; sourceTree = "<group>"; xcLanguageSpecificationIdentifier = xcode.lang.objcpp; };
		FA6A2F9616C2D6F400915AEB /* PKTest.m */ = {isa = PBXFileReference; lastKnownFileType = sourcecode.c.objc; lineEnding = 0; path = PKTest.m; sourceTree = "<group>"; xcLanguageSpecificationIdentifier = xcode.lang.objc; };
		FA6A2F9816C2D6F400915AEB /* PaymentKit Test-Prefix.pch */ = {isa = PBXFileReference; lastKnownFileType = sourcecode.c.h; lineEnding = 0; path = "PaymentKit Test-Prefix.pch"; sourceTree = "<group>"; xcLanguageSpecificationIdentifier = xcode.lang.objc; };
		FA6A2F9C16C2D89600915AEB /* PKCardNumberTest.h */ = {isa = PBXFileReference; fileEncoding = 4; lastKnownFileType = sourcecode.c.h; lineEnding = 0; path = PKCardNumberTest.h; sourceTree = "<group>"; xcLanguageSpecificationIdentifier = xcode.lang.objcpp; };
		FA6A2F9D16C2D89600915AEB /* PKCardNumberTest.m */ = {isa = PBXFileReference; fileEncoding = 4; lastKnownFileType = sourcecode.c.objc; lineEnding = 0; path = PKCardNumberTest.m; sourceTree = "<group>"; xcLanguageSpecificationIdentifier = xcode.lang.objc; };
		FA6A2FA016C2E00E00915AEB /* PKCardCVCTest.h */ = {isa = PBXFileReference; fileEncoding = 4; lastKnownFileType = sourcecode.c.h; lineEnding = 0; path = PKCardCVCTest.h; sourceTree = "<group>"; xcLanguageSpecificationIdentifier = xcode.lang.objcpp; };
		FA6A2FA116C2E00E00915AEB /* PKCardCVCTest.m */ = {isa = PBXFileReference; fileEncoding = 4; lastKnownFileType = sourcecode.c.objc; lineEnding = 0; path = PKCardCVCTest.m; sourceTree = "<group>"; xcLanguageSpecificationIdentifier = xcode.lang.objc; };
		FA6A2FA416C2E1F400915AEB /* PKCardExpiryTest.h */ = {isa = PBXFileReference; fileEncoding = 4; lastKnownFileType = sourcecode.c.h; lineEnding = 0; path = PKCardExpiryTest.h; sourceTree = "<group>"; xcLanguageSpecificationIdentifier = xcode.lang.objcpp; };
		FA6A2FA516C2E1F400915AEB /* PKCardExpiryTest.m */ = {isa = PBXFileReference; fileEncoding = 4; lastKnownFileType = sourcecode.c.objc; lineEnding = 0; path = PKCardExpiryTest.m; sourceTree = "<group>"; xcLanguageSpecificationIdentifier = xcode.lang.objc; };
		FA6F1A5916C19BF700835C75 /* QuartzCore.framework */ = {isa = PBXFileReference; lastKnownFileType = wrapper.framework; name = QuartzCore.framework; path = System/Library/Frameworks/QuartzCore.framework; sourceTree = SDKROOT; };
		FA6F1A5B16C1B21000835C75 /* ViewController.h */ = {isa = PBXFileReference; fileEncoding = 4; lastKnownFileType = sourcecode.c.h; lineEnding = 0; path = ViewController.h; sourceTree = "<group>"; xcLanguageSpecificationIdentifier = xcode.lang.objcpp; };
		FA6F1A5C16C1B21000835C75 /* ViewController.m */ = {isa = PBXFileReference; fileEncoding = 4; lastKnownFileType = sourcecode.c.objc; lineEnding = 0; path = ViewController.m; sourceTree = "<group>"; xcLanguageSpecificationIdentifier = xcode.lang.objc; };
/* End PBXFileReference section */

/* Begin PBXFrameworksBuildPhase section */
		FA45AC6916AE350D0003A41D /* Frameworks */ = {
			isa = PBXFrameworksBuildPhase;
			buildActionMask = 2147483647;
			files = (
				FA007D1F16FA3B82006DD86E /* QuartzCore.framework in Frameworks */,
				FA45AC7116AE350D0003A41D /* UIKit.framework in Frameworks */,
				FA45AC7316AE350D0003A41D /* Foundation.framework in Frameworks */,
				FA45AC7516AE350D0003A41D /* CoreGraphics.framework in Frameworks */,
			);
			runOnlyForDeploymentPostprocessing = 0;
		};
		FA6A2F8616C2D6F400915AEB /* Frameworks */ = {
			isa = PBXFrameworksBuildPhase;
			buildActionMask = 2147483647;
			files = (
				FA6A2F8C16C2D6F400915AEB /* SenTestingKit.framework in Frameworks */,
				FA6A2F8D16C2D6F400915AEB /* UIKit.framework in Frameworks */,
				FA6A2F8E16C2D6F400915AEB /* Foundation.framework in Frameworks */,
			);
			runOnlyForDeploymentPostprocessing = 0;
		};
/* End PBXFrameworksBuildPhase section */

/* Begin PBXGroup section */
		BB0708B32B4A54970070369B /* LMPaymentKit */ = {
			isa = PBXGroup;
			children = (
				BB0708B42B4A54970070369B /* PKTextField.h */,
				BB0708B52B4A54970070369B /* PKCardNumber.m */,
				BB0708B62B4A54970070369B /* SwiftPort */,
				BB0708B72B4A54970070369B /* PKView.h */,
				BB0708B82B4A54970070369B /* PKCardExpiry.h */,
				BB0708B92B4A54970070369B /* PKAddressZip.m */,
				BB0708BA2B4A54970070369B /* PKUSAddressZip.h */,
				BB0708BB2B4A54970070369B /* Resources */,
				BB0708D42B4A54970070369B /* PKCard.h */,
				BB0708D52B4A54970070369B /* PKCardCVC.m */,
				BB0708D62B4A54970070369B /* PKTextField.m */,
				BB0708D72B4A54970070369B /* PKAddressZip.h */,
				BB0708D82B4A54970070369B /* PKCardType.h */,
				BB0708D92B4A54970070369B /* PKCardExpiry.m */,
				BB0708DA2B4A54970070369B /* PKView.m */,
				BB0708DB2B4A54970070369B /* PKCardNumber.h */,
				BB0708DC2B4A54970070369B /* PKUSAddressZip.m */,
				BB0708DD2B4A54970070369B /* PKCardCVC.h */,
				BB0708DE2B4A54970070369B /* PKCard.m */,
			);
			name = LMPaymentKit;
			path = ../Sources/LMPaymentKit;
			sourceTree = "<group>";
		};
		BB0708B62B4A54970070369B /* SwiftPort */ = {
			isa = PBXGroup;
			children = (
			);
			path = SwiftPort;
			sourceTree = "<group>";
		};
		BB0708BB2B4A54970070369B /* Resources */ = {
			isa = PBXGroup;
			children = (
				BB0708BC2B4A54970070369B /* Cards */,
			);
			path = Resources;
			sourceTree = "<group>";
		};
		BB0708BC2B4A54970070369B /* Cards */ = {
			isa = PBXGroup;
			children = (
				BB0708BD2B4A54970070369B /* placeholder@2x.png */,
				BB0708BE2B4A54970070369B /* discover.png */,
				BB0708BF2B4A54970070369B /* jcb-outline@2x.png */,
				BB0708C02B4A54970070369B /* diners.png */,
				BB0708C12B4A54970070369B /* cvc-amex.png */,
				BB0708C22B4A54970070369B /* visa-outline@2x.png */,
				BB0708C32B4A54970070369B /* cvc.png */,
				BB0708C42B4A54970070369B /* cvc-amex@2x.png */,
				BB0708C52B4A54970070369B /* visa@2x.png */,
				BB0708C62B4A54970070369B /* visa.png */,
				BB0708C72B4A54970070369B /* diners@2x.png */,
				BB0708C82B4A54970070369B /* placeholder-outline@2x.png */,
				BB0708C92B4A54970070369B /* placeholder.png */,
				BB0708CA2B4A54970070369B /* mastercard@2x.png */,
				BB0708CB2B4A54970070369B /* amex-outline@2x.png */,
				BB0708CC2B4A54970070369B /* discover@2x.png */,
				BB0708CD2B4A54970070369B /* jcb.png */,
				BB0708CE2B4A54970070369B /* jcb@2x.png */,
				BB0708CF2B4A54970070369B /* amex@2x.png */,
				BB0708D02B4A54970070369B /* amex.png */,
				BB0708D12B4A54970070369B /* mastercard.png */,
				BB0708D22B4A54970070369B /* mastercard-outline@2x.png */,
				BB0708D32B4A54970070369B /* cvc@2x.png */,
			);
			path = Cards;
			sourceTree = "<group>";
		};
		FA45AC6116AE350D0003A41D = {
			isa = PBXGroup;
			children = (
				BB0708B22B4A54970070369B /* bridging-Header.h */,
				BB0708B32B4A54970070369B /* LMPaymentKit */,
				FA45AC7616AE350D0003A41D /* PaymentKit Example */,
				FA6A2F8F16C2D6F400915AEB /* PaymentKit Test */,
				FA45AC6F16AE350D0003A41D /* Frameworks */,
				FA45AC6D16AE350D0003A41D /* Products */,
			);
			sourceTree = "<group>";
		};
		FA45AC6D16AE350D0003A41D /* Products */ = {
			isa = PBXGroup;
			children = (
				FA45AC6C16AE350D0003A41D /* PaymentKit Example.app */,
				FA6A2F8A16C2D6F400915AEB /* PaymentKit Test.octest */,
			);
			name = Products;
			sourceTree = "<group>";
		};
		FA45AC6F16AE350D0003A41D /* Frameworks */ = {
			isa = PBXGroup;
			children = (
				FA6F1A5916C19BF700835C75 /* QuartzCore.framework */,
				FA45AC7016AE350D0003A41D /* UIKit.framework */,
				FA45AC7216AE350D0003A41D /* Foundation.framework */,
				FA45AC7416AE350D0003A41D /* CoreGraphics.framework */,
				FA6A2F8B16C2D6F400915AEB /* SenTestingKit.framework */,
			);
			name = Frameworks;
			sourceTree = "<group>";
		};
		FA45AC7616AE350D0003A41D /* PaymentKit Example */ = {
			isa = PBXGroup;
			children = (
				FA45AC7F16AE350D0003A41D /* AppDelegate.h */,
				FA45AC8016AE350D0003A41D /* AppDelegate.m */,
				161409A21871300900387BB8 /* Storyboard.storyboard */,
				BBD8085A239AF74800D15258 /* SwiftPaymentViewController.txt */,
				FA45AC8816AE350E0003A41D /* PaymentViewController.h */,
				FA45AC8916AE350E0003A41D /* PaymentViewController.m */,
				FA45AC7716AE350D0003A41D /* Supporting Files */,
				FA6F1A5B16C1B21000835C75 /* ViewController.h */,
				FA6F1A5C16C1B21000835C75 /* ViewController.m */,
			);
			path = "PaymentKit Example";
			sourceTree = "<group>";
		};
		FA45AC7716AE350D0003A41D /* Supporting Files */ = {
			isa = PBXGroup;
			children = (
				FA45AC7816AE350D0003A41D /* PaymentKit Example-Info.plist */,
				FA45AC7916AE350D0003A41D /* InfoPlist.strings */,
				FA45AC7C16AE350D0003A41D /* main.m */,
				FA45AC7E16AE350D0003A41D /* PaymentKit Example-Prefix.pch */,
				FA45AC8216AE350D0003A41D /* Default.png */,
				FA45AC8416AE350D0003A41D /* Default@2x.png */,
				FA45AC8616AE350E0003A41D /* Default-568h@2x.png */,
			);
			name = "Supporting Files";
			sourceTree = "<group>";
		};
		FA6A2F8F16C2D6F400915AEB /* PaymentKit Test */ = {
			isa = PBXGroup;
			children = (
				FA6A2F9516C2D6F400915AEB /* PKTest.h */,
				FA6A2F9616C2D6F400915AEB /* PKTest.m */,
				FA6A2F9016C2D6F400915AEB /* Supporting Files */,
				FA6A2F9C16C2D89600915AEB /* PKCardNumberTest.h */,
				FA6A2F9D16C2D89600915AEB /* PKCardNumberTest.m */,
				FA6A2FA016C2E00E00915AEB /* PKCardCVCTest.h */,
				FA6A2FA116C2E00E00915AEB /* PKCardCVCTest.m */,
				FA6A2FA416C2E1F400915AEB /* PKCardExpiryTest.h */,
				FA6A2FA516C2E1F400915AEB /* PKCardExpiryTest.m */,
			);
			path = "PaymentKit Test";
			sourceTree = "<group>";
		};
		FA6A2F9016C2D6F400915AEB /* Supporting Files */ = {
			isa = PBXGroup;
			children = (
				FA6A2F9116C2D6F400915AEB /* PaymentKit Test-Info.plist */,
				FA6A2F9216C2D6F400915AEB /* InfoPlist.strings */,
				FA6A2F9816C2D6F400915AEB /* PaymentKit Test-Prefix.pch */,
			);
			name = "Supporting Files";
			sourceTree = "<group>";
		};
/* End PBXGroup section */

/* Begin PBXNativeTarget section */
		FA45AC6B16AE350D0003A41D /* PaymentKit Example */ = {
			isa = PBXNativeTarget;
			buildConfigurationList = FA45AC9316AE350E0003A41D /* Build configuration list for PBXNativeTarget "PaymentKit Example" */;
			buildPhases = (
				FA45AC6816AE350D0003A41D /* Sources */,
				FA45AC6916AE350D0003A41D /* Frameworks */,
				FA45AC6A16AE350D0003A41D /* Resources */,
			);
			buildRules = (
			);
			dependencies = (
			);
			name = "PaymentKit Example";
			productName = "PaymentKit Example";
			productReference = FA45AC6C16AE350D0003A41D /* PaymentKit Example.app */;
			productType = "com.apple.product-type.application";
		};
		FA6A2F8916C2D6F400915AEB /* PaymentKit Test */ = {
			isa = PBXNativeTarget;
			buildConfigurationList = FA6A2F9B16C2D6F400915AEB /* Build configuration list for PBXNativeTarget "PaymentKit Test" */;
			buildPhases = (
				FA6A2F8516C2D6F400915AEB /* Sources */,
				FA6A2F8616C2D6F400915AEB /* Frameworks */,
				FA6A2F8716C2D6F400915AEB /* Resources */,
				FA6A2F8816C2D6F400915AEB /* ShellScript */,
			);
			buildRules = (
			);
			dependencies = (
			);
			name = "PaymentKit Test";
			productName = "PaymentKit Test";
			productReference = FA6A2F8A16C2D6F400915AEB /* PaymentKit Test.octest */;
			productType = "com.apple.product-type.bundle";
		};
/* End PBXNativeTarget section */

/* Begin PBXProject section */
		FA45AC6316AE350D0003A41D /* Project object */ = {
			isa = PBXProject;
			attributes = {
				LastUpgradeCheck = 0450;
				ORGANIZATIONNAME = Stripe;
				TargetAttributes = {
					FA45AC6B16AE350D0003A41D = {
						DevelopmentTeam = PD5GSVG63T;
						LastSwiftMigration = 1120;
					};
				};
			};
			buildConfigurationList = FA45AC6616AE350D0003A41D /* Build configuration list for PBXProject "PaymentKit Example" */;
			compatibilityVersion = "Xcode 3.2";
			developmentRegion = English;
			hasScannedForEncodings = 0;
			knownRegions = (
				English,
				en,
			);
			mainGroup = FA45AC6116AE350D0003A41D;
			productRefGroup = FA45AC6D16AE350D0003A41D /* Products */;
			projectDirPath = "";
			projectRoot = "";
			targets = (
				FA45AC6B16AE350D0003A41D /* PaymentKit Example */,
				FA6A2F8916C2D6F400915AEB /* PaymentKit Test */,
			);
		};
/* End PBXProject section */

/* Begin PBXResourcesBuildPhase section */
		FA45AC6A16AE350D0003A41D /* Resources */ = {
			isa = PBXResourcesBuildPhase;
			buildActionMask = 2147483647;
			files = (
				BB0708EF2B4A54970070369B /* amex-outline@2x.png in Resources */,
				FA45AC7B16AE350D0003A41D /* InfoPlist.strings in Resources */,
				FA45AC8316AE350D0003A41D /* Default.png in Resources */,
				BB0708E42B4A54970070369B /* diners.png in Resources */,
				BB0708E22B4A54970070369B /* discover.png in Resources */,
				BB0708F02B4A54970070369B /* discover@2x.png in Resources */,
				BB0708F42B4A54970070369B /* amex.png in Resources */,
				BB0708E32B4A54970070369B /* jcb-outline@2x.png in Resources */,
				BB0708F12B4A54970070369B /* jcb.png in Resources */,
				BB0708E92B4A54970070369B /* visa@2x.png in Resources */,
				BB0708F22B4A54970070369B /* jcb@2x.png in Resources */,
				BB0708E12B4A54970070369B /* placeholder@2x.png in Resources */,
				BB0708F62B4A54970070369B /* mastercard-outline@2x.png in Resources */,
				BB0708E82B4A54970070369B /* cvc-amex@2x.png in Resources */,
				BB0708E72B4A54970070369B /* cvc.png in Resources */,
				FA45AC8516AE350D0003A41D /* Default@2x.png in Resources */,
				BB0708EC2B4A54970070369B /* placeholder-outline@2x.png in Resources */,
				BB0708E52B4A54970070369B /* cvc-amex.png in Resources */,
				BB0708EA2B4A54970070369B /* visa.png in Resources */,
				BB0708ED2B4A54970070369B /* placeholder.png in Resources */,
				BB0708F52B4A54970070369B /* mastercard.png in Resources */,
				FA45AC8716AE350E0003A41D /* Default-568h@2x.png in Resources */,
				BB0708F32B4A54970070369B /* amex@2x.png in Resources */,
				BB0708E62B4A54970070369B /* visa-outline@2x.png in Resources */,
				BB0708EE2B4A54970070369B /* mastercard@2x.png in Resources */,
				161409A31871300900387BB8 /* Storyboard.storyboard in Resources */,
				BB0708EB2B4A54970070369B /* diners@2x.png in Resources */,
				BB0708F72B4A54970070369B /* cvc@2x.png in Resources */,
			);
			runOnlyForDeploymentPostprocessing = 0;
		};
		FA6A2F8716C2D6F400915AEB /* Resources */ = {
			isa = PBXResourcesBuildPhase;
			buildActionMask = 2147483647;
			files = (
				FA6A2F9416C2D6F400915AEB /* InfoPlist.strings in Resources */,
				FADC4C1D16E1B3080048064A /* PaymentKit Test-Info.plist in Resources */,
			);
			runOnlyForDeploymentPostprocessing = 0;
		};
/* End PBXResourcesBuildPhase section */

/* Begin PBXShellScriptBuildPhase section */
		FA6A2F8816C2D6F400915AEB /* ShellScript */ = {
			isa = PBXShellScriptBuildPhase;
			buildActionMask = 2147483647;
			files = (
			);
			inputPaths = (
			);
			outputPaths = (
			);
			runOnlyForDeploymentPostprocessing = 0;
			shellPath = /bin/sh;
			shellScript = "# Run the unit tests in this test bundle.\n\"${SYSTEM_DEVELOPER_DIR}/Tools/RunUnitTests\"\n";
		};
/* End PBXShellScriptBuildPhase section */

/* Begin PBXSourcesBuildPhase section */
		FA45AC6816AE350D0003A41D /* Sources */ = {
			isa = PBXSourcesBuildPhase;
			buildActionMask = 2147483647;
			files = (
				FA45AC7D16AE350D0003A41D /* main.m in Sources */,
				FA45AC8116AE350D0003A41D /* AppDelegate.m in Sources */,
				BB0708E02B4A54970070369B /* PKAddressZip.m in Sources */,
				FA45AC8A16AE350E0003A41D /* PaymentViewController.m in Sources */,
				BBD8085B239AF74800D15258 /* SwiftPaymentViewController.txt in Sources */,
				BB0708FB2B4A54970070369B /* PKView.m in Sources */,
				BB0708FD2B4A54970070369B /* PKCard.m in Sources */,
				BB0708F92B4A54970070369B /* PKTextField.m in Sources */,
				FA6F1A5E16C1B21000835C75 /* ViewController.m in Sources */,
				BB0708DF2B4A54970070369B /* PKCardNumber.m in Sources */,
				BB0708F82B4A54970070369B /* PKCardCVC.m in Sources */,
				BB0708FA2B4A54970070369B /* PKCardExpiry.m in Sources */,
				BB0708FC2B4A54970070369B /* PKUSAddressZip.m in Sources */,
			);
			runOnlyForDeploymentPostprocessing = 0;
		};
		FA6A2F8516C2D6F400915AEB /* Sources */ = {
			isa = PBXSourcesBuildPhase;
			buildActionMask = 2147483647;
			files = (
				FA6A2F9716C2D6F400915AEB /* PKTest.m in Sources */,
				FA6A2F9E16C2D89600915AEB /* PKCardNumberTest.m in Sources */,
				FA6A2FA216C2E00E00915AEB /* PKCardCVCTest.m in Sources */,
				FA6A2FA616C2E1F400915AEB /* PKCardExpiryTest.m in Sources */,
			);
			runOnlyForDeploymentPostprocessing = 0;
		};
/* End PBXSourcesBuildPhase section */

/* Begin PBXVariantGroup section */
		FA45AC7916AE350D0003A41D /* InfoPlist.strings */ = {
			isa = PBXVariantGroup;
			children = (
				FA45AC7A16AE350D0003A41D /* en */,
			);
			name = InfoPlist.strings;
			sourceTree = "<group>";
		};
		FA6A2F9216C2D6F400915AEB /* InfoPlist.strings */ = {
			isa = PBXVariantGroup;
			children = (
				FA6A2F9316C2D6F400915AEB /* en */,
			);
			name = InfoPlist.strings;
			sourceTree = "<group>";
		};
/* End PBXVariantGroup section */

/* Begin XCBuildConfiguration section */
		FA45AC9116AE350E0003A41D /* Debug */ = {
			isa = XCBuildConfiguration;
			buildSettings = {
				ALWAYS_SEARCH_USER_PATHS = NO;
				CLANG_CXX_LANGUAGE_STANDARD = "gnu++0x";
				CLANG_CXX_LIBRARY = "libc++";
				CLANG_ENABLE_OBJC_ARC = YES;
				CLANG_WARN_EMPTY_BODY = YES;
				CLANG_WARN__DUPLICATE_METHOD_MATCH = YES;
				"CODE_SIGN_IDENTITY[sdk=iphoneos*]" = "iPhone Developer";
				COPY_PHASE_STRIP = NO;
				GCC_C_LANGUAGE_STANDARD = gnu99;
				GCC_DYNAMIC_NO_PIC = NO;
				GCC_OPTIMIZATION_LEVEL = 0;
				GCC_PREPROCESSOR_DEFINITIONS = (
					"DEBUG=1",
					"$(inherited)",
				);
				GCC_SYMBOLS_PRIVATE_EXTERN = NO;
				GCC_WARN_ABOUT_RETURN_TYPE = YES;
				GCC_WARN_UNINITIALIZED_AUTOS = YES;
				GCC_WARN_UNUSED_VARIABLE = YES;
				IPHONEOS_DEPLOYMENT_TARGET = 10.0;
				ONLY_ACTIVE_ARCH = YES;
				SDKROOT = iphoneos;
				TARGETED_DEVICE_FAMILY = "1,2";
			};
			name = Debug;
		};
		FA45AC9216AE350E0003A41D /* Release */ = {
			isa = XCBuildConfiguration;
			buildSettings = {
				ALWAYS_SEARCH_USER_PATHS = NO;
				CLANG_CXX_LANGUAGE_STANDARD = "gnu++0x";
				CLANG_CXX_LIBRARY = "libc++";
				CLANG_ENABLE_OBJC_ARC = YES;
				CLANG_WARN_EMPTY_BODY = YES;
				CLANG_WARN__DUPLICATE_METHOD_MATCH = YES;
				"CODE_SIGN_IDENTITY[sdk=iphoneos*]" = "iPhone Developer";
				COPY_PHASE_STRIP = YES;
				GCC_C_LANGUAGE_STANDARD = gnu99;
				GCC_WARN_ABOUT_RETURN_TYPE = YES;
				GCC_WARN_UNINITIALIZED_AUTOS = YES;
				GCC_WARN_UNUSED_VARIABLE = YES;
				IPHONEOS_DEPLOYMENT_TARGET = 10.0;
				OTHER_CFLAGS = "-DNS_BLOCK_ASSERTIONS=1";
				SDKROOT = iphoneos;
				TARGETED_DEVICE_FAMILY = "1,2";
				VALIDATE_PRODUCT = YES;
			};
			name = Release;
		};
		FA45AC9416AE350E0003A41D /* Debug */ = {
			isa = XCBuildConfiguration;
			buildSettings = {
				CLANG_ENABLE_MODULES = YES;
				DEVELOPMENT_TEAM = PD5GSVG63T;
				GCC_PRECOMPILE_PREFIX_HEADER = YES;
				GCC_PREFIX_HEADER = "PaymentKit Example/PaymentKit Example-Prefix.pch";
				INFOPLIST_FILE = "PaymentKit Example/PaymentKit Example-Info.plist";
				IPHONEOS_DEPLOYMENT_TARGET = 11.0;
				LD_RUNPATH_SEARCH_PATHS = "$(inherited) @executable_path/Frameworks";
				PRODUCT_BUNDLE_IDENTIFIER = "alokchoudhary.com.PaymentKit-Example";
				PRODUCT_NAME = "PaymentKit Example";
				SWIFT_OBJC_BRIDGING_HEADER = "../PaymentKit/SwiftPort/bridging-Header.h";
				SWIFT_OPTIMIZATION_LEVEL = "-Onone";
				SWIFT_VERSION = 5.0;
				TARGETED_DEVICE_FAMILY = 1;
				WRAPPER_EXTENSION = app;
			};
			name = Debug;
		};
		FA45AC9516AE350E0003A41D /* Release */ = {
			isa = XCBuildConfiguration;
			buildSettings = {
				CLANG_ENABLE_MODULES = YES;
				DEVELOPMENT_TEAM = PD5GSVG63T;
				GCC_PRECOMPILE_PREFIX_HEADER = YES;
				GCC_PREFIX_HEADER = "PaymentKit Example/PaymentKit Example-Prefix.pch";
				INFOPLIST_FILE = "PaymentKit Example/PaymentKit Example-Info.plist";
				IPHONEOS_DEPLOYMENT_TARGET = 11.0;
				LD_RUNPATH_SEARCH_PATHS = "$(inherited) @executable_path/Frameworks";
				PRODUCT_BUNDLE_IDENTIFIER = "alokchoudhary.com.PaymentKit-Example";
				PRODUCT_NAME = "PaymentKit Example";
				SWIFT_OBJC_BRIDGING_HEADER = "../PaymentKit/SwiftPort/bridging-Header.h";
				SWIFT_VERSION = 5.0;
				TARGETED_DEVICE_FAMILY = 1;
				WRAPPER_EXTENSION = app;
			};
			name = Release;
		};
		FA6A2F9916C2D6F400915AEB /* Debug */ = {
			isa = XCBuildConfiguration;
			buildSettings = {
				CLANG_WARN_CONSTANT_CONVERSION = YES;
				CLANG_WARN_ENUM_CONVERSION = YES;
				CLANG_WARN_INT_CONVERSION = YES;
				FRAMEWORK_SEARCH_PATHS = (
					"\"$(SDKROOT)/Developer/Library/Frameworks\"",
					"\"$(DEVELOPER_LIBRARY_DIR)/Frameworks\"",
				);
				GCC_PRECOMPILE_PREFIX_HEADER = YES;
				GCC_PREFIX_HEADER = "PaymentKit Test/PaymentKit Test-Prefix.pch";
				INFOPLIST_FILE = "PaymentKit Test/PaymentKit Test-Info.plist";
				IPHONEOS_DEPLOYMENT_TARGET = 6.1;
				PRODUCT_NAME = "$(TARGET_NAME)";
				WRAPPER_EXTENSION = octest;
			};
			name = Debug;
		};
		FA6A2F9A16C2D6F400915AEB /* Release */ = {
			isa = XCBuildConfiguration;
			buildSettings = {
				CLANG_WARN_CONSTANT_CONVERSION = YES;
				CLANG_WARN_ENUM_CONVERSION = YES;
				CLANG_WARN_INT_CONVERSION = YES;
				FRAMEWORK_SEARCH_PATHS = (
					"\"$(SDKROOT)/Developer/Library/Frameworks\"",
					"\"$(DEVELOPER_LIBRARY_DIR)/Frameworks\"",
				);
				GCC_PRECOMPILE_PREFIX_HEADER = YES;
				GCC_PREFIX_HEADER = "PaymentKit Test/PaymentKit Test-Prefix.pch";
				INFOPLIST_FILE = "PaymentKit Test/PaymentKit Test-Info.plist";
				IPHONEOS_DEPLOYMENT_TARGET = 6.1;
				PRODUCT_NAME = "$(TARGET_NAME)";
				WRAPPER_EXTENSION = octest;
			};
			name = Release;
		};
/* End XCBuildConfiguration section */

/* Begin XCConfigurationList section */
		FA45AC6616AE350D0003A41D /* Build configuration list for PBXProject "PaymentKit Example" */ = {
			isa = XCConfigurationList;
			buildConfigurations = (
				FA45AC9116AE350E0003A41D /* Debug */,
				FA45AC9216AE350E0003A41D /* Release */,
			);
			defaultConfigurationIsVisible = 0;
			defaultConfigurationName = Release;
		};
		FA45AC9316AE350E0003A41D /* Build configuration list for PBXNativeTarget "PaymentKit Example" */ = {
			isa = XCConfigurationList;
			buildConfigurations = (
				FA45AC9416AE350E0003A41D /* Debug */,
				FA45AC9516AE350E0003A41D /* Release */,
			);
			defaultConfigurationIsVisible = 0;
			defaultConfigurationName = Release;
		};
		FA6A2F9B16C2D6F400915AEB /* Build configuration list for PBXNativeTarget "PaymentKit Test" */ = {
			isa = XCConfigurationList;
			buildConfigurations = (
				FA6A2F9916C2D6F400915AEB /* Debug */,
				FA6A2F9A16C2D6F400915AEB /* Release */,
			);
			defaultConfigurationIsVisible = 0;
			defaultConfigurationName = Release;
		};
/* End XCConfigurationList section */
	};
	rootObject = FA45AC6316AE350D0003A41D /* Project object */;
}
