// !$*UTF8*$!
{
	archiveVersion = 1;
	classes = {
	};
	objectVersion = 46;
	objects = {

/* Begin PBXBuildFile section */
		161409A31871300900387BB8 /* Storyboard.storyboard in Resources */ = {isa = PBXBuildFile; fileRef = 161409A21871300900387BB8 /* Storyboard.storyboard */; };
		BB07085B2B4A495C0070369B /* PKTextField.m in Sources */ = {isa = PBXBuildFile; fileRef = BB07082D2B4A495B0070369B /* PKTextField.m */; };
		BB07085C2B4A495C0070369B /* PKCardNumber.m in Sources */ = {isa = PBXBuildFile; fileRef = BB0708322B4A495C0070369B /* PKCardNumber.m */; };
		BB07085D2B4A495C0070369B /* PKAddressZip.m in Sources */ = {isa = PBXBuildFile; fileRef = BB0708332B4A495C0070369B /* PKAddressZip.m */; };
		BB07085E2B4A495C0070369B /* PKView.m in Sources */ = {isa = PBXBuildFile; fileRef = BB0708342B4A495C0070369B /* PKView.m */; };
		BB07085F2B4A495C0070369B /* PKUSAddressZip.m in Sources */ = {isa = PBXBuildFile; fileRef = BB0708352B4A495C0070369B /* PKUSAddressZip.m */; };
		BB0708602B4A495C0070369B /* PKCardCVC.m in Sources */ = {isa = PBXBuildFile; fileRef = BB0708372B4A495C0070369B /* PKCardCVC.m */; };
		BB0708612B4A495C0070369B /* PKCard.m in Sources */ = {isa = PBXBuildFile; fileRef = BB0708392B4A495C0070369B /* PKCard.m */; };
		BB0708792B4A495C0070369B /* PKCardExpiry.m in Sources */ = {isa = PBXBuildFile; fileRef = BB0708542B4A495C0070369B /* PKCardExpiry.m */; };
		BB07087A2B4A495C0070369B /* SPKCardType.swift in Sources */ = {isa = PBXBuildFile; fileRef = BB0708562B4A495C0070369B /* SPKCardType.swift */; };
		BB07087B2B4A495C0070369B /* SPKCardNumber.swift in Sources */ = {isa = PBXBuildFile; fileRef = BB0708582B4A495C0070369B /* SPKCardNumber.swift */; };
		BB0708952B4A4A4A0070369B /* placeholder@2x.png in Resources */ = {isa = PBXBuildFile; fileRef = BB07087E2B4A4A4A0070369B /* placeholder@2x.png */; };
		BB0708962B4A4A4A0070369B /* discover.png in Resources */ = {isa = PBXBuildFile; fileRef = BB07087F2B4A4A4A0070369B /* discover.png */; };
		BB0708972B4A4A4A0070369B /* jcb-outline@2x.png in Resources */ = {isa = PBXBuildFile; fileRef = BB0708802B4A4A4A0070369B /* jcb-outline@2x.png */; };
		BB0708982B4A4A4A0070369B /* diners.png in Resources */ = {isa = PBXBuildFile; fileRef = BB0708812B4A4A4A0070369B /* diners.png */; };
		BB0708992B4A4A4A0070369B /* cvc-amex.png in Resources */ = {isa = PBXBuildFile; fileRef = BB0708822B4A4A4A0070369B /* cvc-amex.png */; };
		BB07089A2B4A4A4A0070369B /* visa-outline@2x.png in Resources */ = {isa = PBXBuildFile; fileRef = BB0708832B4A4A4A0070369B /* visa-outline@2x.png */; };
		BB07089B2B4A4A4A0070369B /* cvc.png in Resources */ = {isa = PBXBuildFile; fileRef = BB0708842B4A4A4A0070369B /* cvc.png */; };
		BB07089C2B4A4A4A0070369B /* cvc-amex@2x.png in Resources */ = {isa = PBXBuildFile; fileRef = BB0708852B4A4A4A0070369B /* cvc-amex@2x.png */; };
		BB07089D2B4A4A4A0070369B /* visa@2x.png in Resources */ = {isa = PBXBuildFile; fileRef = BB0708862B4A4A4A0070369B /* visa@2x.png */; };
		BB07089E2B4A4A4A0070369B /* visa.png in Resources */ = {isa = PBXBuildFile; fileRef = BB0708872B4A4A4A0070369B /* visa.png */; };
		BB07089F2B4A4A4A0070369B /* diners@2x.png in Resources */ = {isa = PBXBuildFile; fileRef = BB0708882B4A4A4A0070369B /* diners@2x.png */; };
		BB0708A02B4A4A4A0070369B /* placeholder-outline@2x.png in Resources */ = {isa = PBXBuildFile; fileRef = BB0708892B4A4A4A0070369B /* placeholder-outline@2x.png */; };
		BB0708A12B4A4A4A0070369B /* placeholder.png in Resources */ = {isa = PBXBuildFile; fileRef = BB07088A2B4A4A4A0070369B /* placeholder.png */; };
		BB0708A22B4A4A4A0070369B /* mastercard@2x.png in Resources */ = {isa = PBXBuildFile; fileRef = BB07088B2B4A4A4A0070369B /* mastercard@2x.png */; };
		BB0708A32B4A4A4A0070369B /* amex-outline@2x.png in Resources */ = {isa = PBXBuildFile; fileRef = BB07088C2B4A4A4A0070369B /* amex-outline@2x.png */; };
		BB0708A42B4A4A4A0070369B /* discover@2x.png in Resources */ = {isa = PBXBuildFile; fileRef = BB07088D2B4A4A4A0070369B /* discover@2x.png */; };
		BB0708A52B4A4A4A0070369B /* jcb.png in Resources */ = {isa = PBXBuildFile; fileRef = BB07088E2B4A4A4A0070369B /* jcb.png */; };
		BB0708A62B4A4A4A0070369B /* jcb@2x.png in Resources */ = {isa = PBXBuildFile; fileRef = BB07088F2B4A4A4A0070369B /* jcb@2x.png */; };
		BB0708A72B4A4A4A0070369B /* amex@2x.png in Resources */ = {isa = PBXBuildFile; fileRef = BB0708902B4A4A4A0070369B /* amex@2x.png */; };
		BB0708A82B4A4A4A0070369B /* amex.png in Resources */ = {isa = PBXBuildFile; fileRef = BB0708912B4A4A4A0070369B /* amex.png */; };
		BB0708A92B4A4A4A0070369B /* mastercard.png in Resources */ = {isa = PBXBuildFile; fileRef = BB0708922B4A4A4A0070369B /* mastercard.png */; };
		BB0708AA2B4A4A4A0070369B /* mastercard-outline@2x.png in Resources */ = {isa = PBXBuildFile; fileRef = BB0708932B4A4A4A0070369B /* mastercard-outline@2x.png */; };
		BB0708AB2B4A4A4A0070369B /* cvc@2x.png in Resources */ = {isa = PBXBuildFile; fileRef = BB0708942B4A4A4A0070369B /* cvc@2x.png */; };
		BBD8085B239AF74800D15258 /* SwiftPaymentViewController.swift in Sources */ = {isa = PBXBuildFile; fileRef = BBD8085A239AF74800D15258 /* SwiftPaymentViewController.swift */; };
		FA007D1F16FA3B82006DD86E /* QuartzCore.framework in Frameworks */ = {isa = PBXBuildFile; fileRef = FA6F1A5916C19BF700835C75 /* QuartzCore.framework */; };
		FA45AC7116AE350D0003A41D /* UIKit.framework in Frameworks */ = {isa = PBXBuildFile; fileRef = FA45AC7016AE350D0003A41D /* UIKit.framework */; };
		FA45AC7316AE350D0003A41D /* Foundation.framework in Frameworks */ = {isa = PBXBuildFile; fileRef = FA45AC7216AE350D0003A41D /* Foundation.framework */; };
		FA45AC7516AE350D0003A41D /* CoreGraphics.framework in Frameworks */ = {isa = PBXBuildFile; fileRef = FA45AC7416AE350D0003A41D /* CoreGraphics.framework */; };
		FA45AC7B16AE350D0003A41D /* InfoPlist.strings in Resources */ = {isa = PBXBuildFile; fileRef = FA45AC7916AE350D0003A41D /* InfoPlist.strings */; };
		FA45AC7D16AE350D0003A41D /* main.m in Sources */ = {isa = PBXBuildFile; fileRef = FA45AC7C16AE350D0003A41D /* main.m */; };
		FA45AC8116AE350D0003A41D /* AppDelegate.m in Sources */ = {isa = PBXBuildFile; fileRef = FA45AC8016AE350D0003A41D /* AppDelegate.m */; };
		FA45AC8316AE350D0003A41D /* Default.png in Resources */ = {isa = PBXBuildFile; fileRef = FA45AC8216AE350D0003A41D /* Default.png */; };
		FA45AC8516AE350D0003A41D /* Default@2x.png in Resources */ = {isa = PBXBuildFile; fileRef = FA45AC8416AE350D0003A41D /* Default@2x.png */; };
		FA45AC8716AE350E0003A41D /* Default-568h@2x.png in Resources */ = {isa = PBXBuildFile; fileRef = FA45AC8616AE350E0003A41D /* Default-568h@2x.png */; };
		FA45AC8A16AE350E0003A41D /* PaymentViewController.m in Sources */ = {isa = PBXBuildFile; fileRef = FA45AC8916AE350E0003A41D /* PaymentViewController.m */; };
		FA6A2F8C16C2D6F400915AEB /* SenTestingKit.framework in Frameworks */ = {isa = PBXBuildFile; fileRef = FA6A2F8B16C2D6F400915AEB /* SenTestingKit.framework */; };
		FA6A2F8D16C2D6F400915AEB /* UIKit.framework in Frameworks */ = {isa = PBXBuildFile; fileRef = FA45AC7016AE350D0003A41D /* UIKit.framework */; };
		FA6A2F8E16C2D6F400915AEB /* Foundation.framework in Frameworks */ = {isa = PBXBuildFile; fileRef = FA45AC7216AE350D0003A41D /* Foundation.framework */; };
		FA6A2F9416C2D6F400915AEB /* InfoPlist.strings in Resources */ = {isa = PBXBuildFile; fileRef = FA6A2F9216C2D6F400915AEB /* InfoPlist.strings */; };
		FA6A2F9716C2D6F400915AEB /* PKTest.m in Sources */ = {isa = PBXBuildFile; fileRef = FA6A2F9616C2D6F400915AEB /* PKTest.m */; };
		FA6A2F9E16C2D89600915AEB /* PKCardNumberTest.m in Sources */ = {isa = PBXBuildFile; fileRef = FA6A2F9D16C2D89600915AEB /* PKCardNumberTest.m */; };
		FA6A2FA216C2E00E00915AEB /* PKCardCVCTest.m in Sources */ = {isa = PBXBuildFile; fileRef = FA6A2FA116C2E00E00915AEB /* PKCardCVCTest.m */; };
		FA6A2FA616C2E1F400915AEB /* PKCardExpiryTest.m in Sources */ = {isa = PBXBuildFile; fileRef = FA6A2FA516C2E1F400915AEB /* PKCardExpiryTest.m */; };
		FA6F1A5E16C1B21000835C75 /* ViewController.m in Sources */ = {isa = PBXBuildFile; fileRef = FA6F1A5C16C1B21000835C75 /* ViewController.m */; };
		FADC4C1D16E1B3080048064A /* PaymentKit Test-Info.plist in Resources */ = {isa = PBXBuildFile; fileRef = FA6A2F9116C2D6F400915AEB /* PaymentKit Test-Info.plist */; };
/* End PBXBuildFile section */

/* Begin PBXFileReference section */
		161409A21871300900387BB8 /* Storyboard.storyboard */ = {isa = PBXFileReference; fileEncoding = 4; lastKnownFileType = file.storyboard; path = Storyboard.storyboard; sourceTree = "<group>"; };
		BB07082D2B4A495B0070369B /* PKTextField.m */ = {isa = PBXFileReference; fileEncoding = 4; lastKnownFileType = sourcecode.c.objc; name = PKTextField.m; path = ../Sources/PaymentKit/PKTextField.m; sourceTree = "<group>"; };
		BB07082E2B4A495B0070369B /* PKCardType.h */ = {isa = PBXFileReference; fileEncoding = 4; lastKnownFileType = sourcecode.c.h; name = PKCardType.h; path = ../Sources/PaymentKit/PKCardType.h; sourceTree = "<group>"; };
		BB07082F2B4A495B0070369B /* PKCardExpiry.h */ = {isa = PBXFileReference; fileEncoding = 4; lastKnownFileType = sourcecode.c.h; name = PKCardExpiry.h; path = ../Sources/PaymentKit/PKCardExpiry.h; sourceTree = "<group>"; };
		BB0708302B4A495B0070369B /* PKTextField.h */ = {isa = PBXFileReference; fileEncoding = 4; lastKnownFileType = sourcecode.c.h; name = PKTextField.h; path = ../Sources/PaymentKit/PKTextField.h; sourceTree = "<group>"; };
		BB0708312B4A495B0070369B /* PKCardNumber.h */ = {isa = PBXFileReference; fileEncoding = 4; lastKnownFileType = sourcecode.c.h; name = PKCardNumber.h; path = ../Sources/PaymentKit/PKCardNumber.h; sourceTree = "<group>"; };
		BB0708322B4A495C0070369B /* PKCardNumber.m */ = {isa = PBXFileReference; fileEncoding = 4; lastKnownFileType = sourcecode.c.objc; name = PKCardNumber.m; path = ../Sources/PaymentKit/PKCardNumber.m; sourceTree = "<group>"; };
		BB0708332B4A495C0070369B /* PKAddressZip.m */ = {isa = PBXFileReference; fileEncoding = 4; lastKnownFileType = sourcecode.c.objc; name = PKAddressZip.m; path = ../Sources/PaymentKit/PKAddressZip.m; sourceTree = "<group>"; };
		BB0708342B4A495C0070369B /* PKView.m */ = {isa = PBXFileReference; fileEncoding = 4; lastKnownFileType = sourcecode.c.objc; name = PKView.m; path = ../Sources/PaymentKit/PKView.m; sourceTree = "<group>"; };
		BB0708352B4A495C0070369B /* PKUSAddressZip.m */ = {isa = PBXFileReference; fileEncoding = 4; lastKnownFileType = sourcecode.c.objc; name = PKUSAddressZip.m; path = ../Sources/PaymentKit/PKUSAddressZip.m; sourceTree = "<group>"; };
		BB0708362B4A495C0070369B /* PKCardCVC.h */ = {isa = PBXFileReference; fileEncoding = 4; lastKnownFileType = sourcecode.c.h; name = PKCardCVC.h; path = ../Sources/PaymentKit/PKCardCVC.h; sourceTree = "<group>"; };
		BB0708372B4A495C0070369B /* PKCardCVC.m */ = {isa = PBXFileReference; fileEncoding = 4; lastKnownFileType = sourcecode.c.objc; name = PKCardCVC.m; path = ../Sources/PaymentKit/PKCardCVC.m; sourceTree = "<group>"; };
		BB0708382B4A495C0070369B /* PKAddressZip.h */ = {isa = PBXFileReference; fileEncoding = 4; lastKnownFileType = sourcecode.c.h; name = PKAddressZip.h; path = ../Sources/PaymentKit/PKAddressZip.h; sourceTree = "<group>"; };
		BB0708392B4A495C0070369B /* PKCard.m */ = {isa = PBXFileReference; fileEncoding = 4; lastKnownFileType = sourcecode.c.objc; name = PKCard.m; path = ../Sources/PaymentKit/PKCard.m; sourceTree = "<group>"; };
		BB0708532B4A495C0070369B /* PKView.h */ = {isa = PBXFileReference; fileEncoding = 4; lastKnownFileType = sourcecode.c.h; name = PKView.h; path = ../Sources/PaymentKit/PKView.h; sourceTree = "<group>"; };
		BB0708542B4A495C0070369B /* PKCardExpiry.m */ = {isa = PBXFileReference; fileEncoding = 4; lastKnownFileType = sourcecode.c.objc; name = PKCardExpiry.m; path = ../Sources/PaymentKit/PKCardExpiry.m; sourceTree = "<group>"; };
		BB0708562B4A495C0070369B /* SPKCardType.swift */ = {isa = PBXFileReference; fileEncoding = 4; lastKnownFileType = sourcecode.swift; path = SPKCardType.swift; sourceTree = "<group>"; };
		BB0708572B4A495C0070369B /* bridging-Header.h */ = {isa = PBXFileReference; fileEncoding = 4; lastKnownFileType = sourcecode.c.h; path = "bridging-Header.h"; sourceTree = "<group>"; };
		BB0708582B4A495C0070369B /* SPKCardNumber.swift */ = {isa = PBXFileReference; fileEncoding = 4; lastKnownFileType = sourcecode.swift; path = SPKCardNumber.swift; sourceTree = "<group>"; };
		BB0708592B4A495C0070369B /* PKUSAddressZip.h */ = {isa = PBXFileReference; fileEncoding = 4; lastKnownFileType = sourcecode.c.h; name = PKUSAddressZip.h; path = ../Sources/PaymentKit/PKUSAddressZip.h; sourceTree = "<group>"; };
		BB07085A2B4A495C0070369B /* PKCard.h */ = {isa = PBXFileReference; fileEncoding = 4; lastKnownFileType = sourcecode.c.h; name = PKCard.h; path = ../Sources/PaymentKit/PKCard.h; sourceTree = "<group>"; };
		BB07087E2B4A4A4A0070369B /* placeholder@2x.png */ = {isa = PBXFileReference; lastKnownFileType = image.png; path = "placeholder@2x.png"; sourceTree = "<group>"; };
		BB07087F2B4A4A4A0070369B /* discover.png */ = {isa = PBXFileReference; lastKnownFileType = image.png; path = discover.png; sourceTree = "<group>"; };
		BB0708802B4A4A4A0070369B /* jcb-outline@2x.png */ = {isa = PBXFileReference; lastKnownFileType = image.png; path = "jcb-outline@2x.png"; sourceTree = "<group>"; };
		BB0708812B4A4A4A0070369B /* diners.png */ = {isa = PBXFileReference; lastKnownFileType = image.png; path = diners.png; sourceTree = "<group>"; };
		BB0708822B4A4A4A0070369B /* cvc-amex.png */ = {isa = PBXFileReference; lastKnownFileType = image.png; path = "cvc-amex.png"; sourceTree = "<group>"; };
		BB0708832B4A4A4A0070369B /* visa-outline@2x.png */ = {isa = PBXFileReference; lastKnownFileType = image.png; path = "visa-outline@2x.png"; sourceTree = "<group>"; };
		BB0708842B4A4A4A0070369B /* cvc.png */ = {isa = PBXFileReference; lastKnownFileType = image.png; path = cvc.png; sourceTree = "<group>"; };
		BB0708852B4A4A4A0070369B /* cvc-amex@2x.png */ = {isa = PBXFileReference; lastKnownFileType = image.png; path = "cvc-amex@2x.png"; sourceTree = "<group>"; };
		BB0708862B4A4A4A0070369B /* visa@2x.png */ = {isa = PBXFileReference; lastKnownFileType = image.png; path = "visa@2x.png"; sourceTree = "<group>"; };
		BB0708872B4A4A4A0070369B /* visa.png */ = {isa = PBXFileReference; lastKnownFileType = image.png; path = visa.png; sourceTree = "<group>"; };
		BB0708882B4A4A4A0070369B /* diners@2x.png */ = {isa = PBXFileReference; lastKnownFileType = image.png; path = "diners@2x.png"; sourceTree = "<group>"; };
		BB0708892B4A4A4A0070369B /* placeholder-outline@2x.png */ = {isa = PBXFileReference; lastKnownFileType = image.png; path = "placeholder-outline@2x.png"; sourceTree = "<group>"; };
		BB07088A2B4A4A4A0070369B /* placeholder.png */ = {isa = PBXFileReference; lastKnownFileType = image.png; path = placeholder.png; sourceTree = "<group>"; };
		BB07088B2B4A4A4A0070369B /* mastercard@2x.png */ = {isa = PBXFileReference; lastKnownFileType = image.png; path = "mastercard@2x.png"; sourceTree = "<group>"; };
		BB07088C2B4A4A4A0070369B /* amex-outline@2x.png */ = {isa = PBXFileReference; lastKnownFileType = image.png; path = "amex-outline@2x.png"; sourceTree = "<group>"; };
		BB07088D2B4A4A4A0070369B /* discover@2x.png */ = {isa = PBXFileReference; lastKnownFileType = image.png; path = "discover@2x.png"; sourceTree = "<group>"; };
		BB07088E2B4A4A4A0070369B /* jcb.png */ = {isa = PBXFileReference; lastKnownFileType = image.png; path = jcb.png; sourceTree = "<group>"; };
		BB07088F2B4A4A4A0070369B /* jcb@2x.png */ = {isa = PBXFileReference; lastKnownFileType = image.png; path = "jcb@2x.png"; sourceTree = "<group>"; };
		BB0708902B4A4A4A0070369B /* amex@2x.png */ = {isa = PBXFileReference; lastKnownFileType = image.png; path = "amex@2x.png"; sourceTree = "<group>"; };
		BB0708912B4A4A4A0070369B /* amex.png */ = {isa = PBXFileReference; lastKnownFileType = image.png; path = amex.png; sourceTree = "<group>"; };
		BB0708922B4A4A4A0070369B /* mastercard.png */ = {isa = PBXFileReference; lastKnownFileType = image.png; path = mastercard.png; sourceTree = "<group>"; };
		BB0708932B4A4A4A0070369B /* mastercard-outline@2x.png */ = {isa = PBXFileReference; lastKnownFileType = image.png; path = "mastercard-outline@2x.png"; sourceTree = "<group>"; };
		BB0708942B4A4A4A0070369B /* cvc@2x.png */ = {isa = PBXFileReference; lastKnownFileType = image.png; path = "cvc@2x.png"; sourceTree = "<group>"; };
		BBD8085A239AF74800D15258 /* SwiftPaymentViewController.swift */ = {isa = PBXFileReference; lastKnownFileType = sourcecode.swift; path = SwiftPaymentViewController.swift; sourceTree = "<group>"; };
		FA45AC6C16AE350D0003A41D /* PaymentKit Example.app */ = {isa = PBXFileReference; explicitFileType = wrapper.application; includeInIndex = 0; path = "PaymentKit Example.app"; sourceTree = BUILT_PRODUCTS_DIR; };
		FA45AC7016AE350D0003A41D /* UIKit.framework */ = {isa = PBXFileReference; lastKnownFileType = wrapper.framework; name = UIKit.framework; path = System/Library/Frameworks/UIKit.framework; sourceTree = SDKROOT; };
		FA45AC7216AE350D0003A41D /* Foundation.framework */ = {isa = PBXFileReference; lastKnownFileType = wrapper.framework; name = Foundation.framework; path = System/Library/Frameworks/Foundation.framework; sourceTree = SDKROOT; };
		FA45AC7416AE350D0003A41D /* CoreGraphics.framework */ = {isa = PBXFileReference; lastKnownFileType = wrapper.framework; name = CoreGraphics.framework; path = System/Library/Frameworks/CoreGraphics.framework; sourceTree = SDKROOT; };
		FA45AC7816AE350D0003A41D /* PaymentKit Example-Info.plist */ = {isa = PBXFileReference; lastKnownFileType = text.plist.xml; path = "PaymentKit Example-Info.plist"; sourceTree = "<group>"; };
		FA45AC7A16AE350D0003A41D /* en */ = {isa = PBXFileReference; lastKnownFileType = text.plist.strings; lineEnding = 0; name = en; path = en.lproj/InfoPlist.strings; sourceTree = "<group>"; xcLanguageSpecificationIdentifier = xcode.lang.simpleColoring; };
		FA45AC7C16AE350D0003A41D /* main.m */ = {isa = PBXFileReference; lastKnownFileType = sourcecode.c.objc; lineEnding = 0; path = main.m; sourceTree = "<group>"; xcLanguageSpecificationIdentifier = xcode.lang.objc; };
		FA45AC7E16AE350D0003A41D /* PaymentKit Example-Prefix.pch */ = {isa = PBXFileReference; lastKnownFileType = sourcecode.c.h; lineEnding = 0; path = "PaymentKit Example-Prefix.pch"; sourceTree = "<group>"; xcLanguageSpecificationIdentifier = xcode.lang.objc; };
		FA45AC7F16AE350D0003A41D /* AppDelegate.h */ = {isa = PBXFileReference; lastKnownFileType = sourcecode.c.h; lineEnding = 0; path = AppDelegate.h; sourceTree = "<group>"; xcLanguageSpecificationIdentifier = xcode.lang.objcpp; };
		FA45AC8016AE350D0003A41D /* AppDelegate.m */ = {isa = PBXFileReference; lastKnownFileType = sourcecode.c.objc; lineEnding = 0; path = AppDelegate.m; sourceTree = "<group>"; xcLanguageSpecificationIdentifier = xcode.lang.objc; };
		FA45AC8216AE350D0003A41D /* Default.png */ = {isa = PBXFileReference; lastKnownFileType = image.png; path = Default.png; sourceTree = "<group>"; };
		FA45AC8416AE350D0003A41D /* Default@2x.png */ = {isa = PBXFileReference; lastKnownFileType = image.png; path = "Default@2x.png"; sourceTree = "<group>"; };
		FA45AC8616AE350E0003A41D /* Default-568h@2x.png */ = {isa = PBXFileReference; lastKnownFileType = image.png; path = "Default-568h@2x.png"; sourceTree = "<group>"; };
		FA45AC8816AE350E0003A41D /* PaymentViewController.h */ = {isa = PBXFileReference; lastKnownFileType = sourcecode.c.h; lineEnding = 0; path = PaymentViewController.h; sourceTree = "<group>"; xcLanguageSpecificationIdentifier = xcode.lang.objcpp; };
		FA45AC8916AE350E0003A41D /* PaymentViewController.m */ = {isa = PBXFileReference; lastKnownFileType = sourcecode.c.objc; lineEnding = 0; path = PaymentViewController.m; sourceTree = "<group>"; xcLanguageSpecificationIdentifier = xcode.lang.objc; };
		FA6A2F8A16C2D6F400915AEB /* PaymentKit Test.octest */ = {isa = PBXFileReference; explicitFileType = wrapper.cfbundle; includeInIndex = 0; path = "PaymentKit Test.octest"; sourceTree = BUILT_PRODUCTS_DIR; };
		FA6A2F8B16C2D6F400915AEB /* SenTestingKit.framework */ = {isa = PBXFileReference; lastKnownFileType = wrapper.framework; name = SenTestingKit.framework; path = Library/Frameworks/SenTestingKit.framework; sourceTree = DEVELOPER_DIR; };
		FA6A2F9116C2D6F400915AEB /* PaymentKit Test-Info.plist */ = {isa = PBXFileReference; lastKnownFileType = text.plist.xml; path = "PaymentKit Test-Info.plist"; sourceTree = "<group>"; };
		FA6A2F9316C2D6F400915AEB /* en */ = {isa = PBXFileReference; lastKnownFileType = text.plist.strings; lineEnding = 0; name = en; path = en.lproj/InfoPlist.strings; sourceTree = "<group>"; xcLanguageSpecificationIdentifier = xcode.lang.simpleColoring; };
		FA6A2F9516C2D6F400915AEB /* PKTest.h */ = {isa = PBXFileReference; lastKnownFileType = sourcecode.c.h; lineEnding = 0; path = PKTest.h; sourceTree = "<group>"; xcLanguageSpecificationIdentifier = xcode.lang.objcpp; };
		FA6A2F9616C2D6F400915AEB /* PKTest.m */ = {isa = PBXFileReference; lastKnownFileType = sourcecode.c.objc; lineEnding = 0; path = PKTest.m; sourceTree = "<group>"; xcLanguageSpecificationIdentifier = xcode.lang.objc; };
		FA6A2F9816C2D6F400915AEB /* PaymentKit Test-Prefix.pch */ = {isa = PBXFileReference; lastKnownFileType = sourcecode.c.h; lineEnding = 0; path = "PaymentKit Test-Prefix.pch"; sourceTree = "<group>"; xcLanguageSpecificationIdentifier = xcode.lang.objc; };
		FA6A2F9C16C2D89600915AEB /* PKCardNumberTest.h */ = {isa = PBXFileReference; fileEncoding = 4; lastKnownFileType = sourcecode.c.h; lineEnding = 0; path = PKCardNumberTest.h; sourceTree = "<group>"; xcLanguageSpecificationIdentifier = xcode.lang.objcpp; };
		FA6A2F9D16C2D89600915AEB /* PKCardNumberTest.m */ = {isa = PBXFileReference; fileEncoding = 4; lastKnownFileType = sourcecode.c.objc; lineEnding = 0; path = PKCardNumberTest.m; sourceTree = "<group>"; xcLanguageSpecificationIdentifier = xcode.lang.objc; };
		FA6A2FA016C2E00E00915AEB /* PKCardCVCTest.h */ = {isa = PBXFileReference; fileEncoding = 4; lastKnownFileType = sourcecode.c.h; lineEnding = 0; path = PKCardCVCTest.h; sourceTree = "<group>"; xcLanguageSpecificationIdentifier = xcode.lang.objcpp; };
		FA6A2FA116C2E00E00915AEB /* PKCardCVCTest.m */ = {isa = PBXFileReference; fileEncoding = 4; lastKnownFileType = sourcecode.c.objc; lineEnding = 0; path = PKCardCVCTest.m; sourceTree = "<group>"; xcLanguageSpecificationIdentifier = xcode.lang.objc; };
		FA6A2FA416C2E1F400915AEB /* PKCardExpiryTest.h */ = {isa = PBXFileReference; fileEncoding = 4; lastKnownFileType = sourcecode.c.h; lineEnding = 0; path = PKCardExpiryTest.h; sourceTree = "<group>"; xcLanguageSpecificationIdentifier = xcode.lang.objcpp; };
		FA6A2FA516C2E1F400915AEB /* PKCardExpiryTest.m */ = {isa = PBXFileReference; fileEncoding = 4; lastKnownFileType = sourcecode.c.objc; lineEnding = 0; path = PKCardExpiryTest.m; sourceTree = "<group>"; xcLanguageSpecificationIdentifier = xcode.lang.objc; };
		FA6F1A5916C19BF700835C75 /* QuartzCore.framework */ = {isa = PBXFileReference; lastKnownFileType = wrapper.framework; name = QuartzCore.framework; path = System/Library/Frameworks/QuartzCore.framework; sourceTree = SDKROOT; };
		FA6F1A5B16C1B21000835C75 /* ViewController.h */ = {isa = PBXFileReference; fileEncoding = 4; lastKnownFileType = sourcecode.c.h; lineEnding = 0; path = ViewController.h; sourceTree = "<group>"; xcLanguageSpecificationIdentifier = xcode.lang.objcpp; };
		FA6F1A5C16C1B21000835C75 /* ViewController.m */ = {isa = PBXFileReference; fileEncoding = 4; lastKnownFileType = sourcecode.c.objc; lineEnding = 0; path = ViewController.m; sourceTree = "<group>"; xcLanguageSpecificationIdentifier = xcode.lang.objc; };
/* End PBXFileReference section */

/* Begin PBXFrameworksBuildPhase section */
		FA45AC6916AE350D0003A41D /* Frameworks */ = {
			isa = PBXFrameworksBuildPhase;
			buildActionMask = 2147483647;
			files = (
				FA007D1F16FA3B82006DD86E /* QuartzCore.framework in Frameworks */,
				FA45AC7116AE350D0003A41D /* UIKit.framework in Frameworks */,
				FA45AC7316AE350D0003A41D /* Foundation.framework in Frameworks */,
				FA45AC7516AE350D0003A41D /* CoreGraphics.framework in Frameworks */,
			);
			runOnlyForDeploymentPostprocessing = 0;
		};
		FA6A2F8616C2D6F400915AEB /* Frameworks */ = {
			isa = PBXFrameworksBuildPhase;
			buildActionMask = 2147483647;
			files = (
				FA6A2F8C16C2D6F400915AEB /* SenTestingKit.framework in Frameworks */,
				FA6A2F8D16C2D6F400915AEB /* UIKit.framework in Frameworks */,
				FA6A2F8E16C2D6F400915AEB /* Foundation.framework in Frameworks */,
			);
			runOnlyForDeploymentPostprocessing = 0;
		};
/* End PBXFrameworksBuildPhase section */

/* Begin PBXGroup section */
		BB0708552B4A495C0070369B /* SwiftPort */ = {
			isa = PBXGroup;
			children = (
				BB0708562B4A495C0070369B /* SPKCardType.swift */,
				BB0708572B4A495C0070369B /* bridging-Header.h */,
				BB0708582B4A495C0070369B /* SPKCardNumber.swift */,
			);
			name = SwiftPort;
			path = ../Sources/PaymentKit/SwiftPort;
			sourceTree = "<group>";
		};
		BB07087C2B4A4A4A0070369B /* Resources */ = {
			isa = PBXGroup;
			children = (
				BB07087D2B4A4A4A0070369B /* Cards */,
			);
			name = Resources;
			path = ../Sources/PaymentKit/Resources;
			sourceTree = "<group>";
		};
		BB07087D2B4A4A4A0070369B /* Cards */ = {
			isa = PBXGroup;
			children = (
				BB07087E2B4A4A4A0070369B /* placeholder@2x.png */,
				BB07087F2B4A4A4A0070369B /* discover.png */,
				BB0708802B4A4A4A0070369B /* jcb-outline@2x.png */,
				BB0708812B4A4A4A0070369B /* diners.png */,
				BB0708822B4A4A4A0070369B /* cvc-amex.png */,
				BB0708832B4A4A4A0070369B /* visa-outline@2x.png */,
				BB0708842B4A4A4A0070369B /* cvc.png */,
				BB0708852B4A4A4A0070369B /* cvc-amex@2x.png */,
				BB0708862B4A4A4A0070369B /* visa@2x.png */,
				BB0708872B4A4A4A0070369B /* visa.png */,
				BB0708882B4A4A4A0070369B /* diners@2x.png */,
				BB0708892B4A4A4A0070369B /* placeholder-outline@2x.png */,
				BB07088A2B4A4A4A0070369B /* placeholder.png */,
				BB07088B2B4A4A4A0070369B /* mastercard@2x.png */,
				BB07088C2B4A4A4A0070369B /* amex-outline@2x.png */,
				BB07088D2B4A4A4A0070369B /* discover@2x.png */,
				BB07088E2B4A4A4A0070369B /* jcb.png */,
				BB07088F2B4A4A4A0070369B /* jcb@2x.png */,
				BB0708902B4A4A4A0070369B /* amex@2x.png */,
				BB0708912B4A4A4A0070369B /* amex.png */,
				BB0708922B4A4A4A0070369B /* mastercard.png */,
				BB0708932B4A4A4A0070369B /* mastercard-outline@2x.png */,
				BB0708942B4A4A4A0070369B /* cvc@2x.png */,
			);
			path = Cards;
			sourceTree = "<group>";
		};
		FA45AC6116AE350D0003A41D = {
			isa = PBXGroup;
			children = (
				FA45AC9616AE35210003A41D /* PaymentKit */,
				FA45AC7616AE350D0003A41D /* PaymentKit Example */,
				FA6A2F8F16C2D6F400915AEB /* PaymentKit Test */,
				FA45AC6F16AE350D0003A41D /* Frameworks */,
				FA45AC6D16AE350D0003A41D /* Products */,
			);
			sourceTree = "<group>";
		};
		FA45AC6D16AE350D0003A41D /* Products */ = {
			isa = PBXGroup;
			children = (
				FA45AC6C16AE350D0003A41D /* PaymentKit Example.app */,
				FA6A2F8A16C2D6F400915AEB /* PaymentKit Test.octest */,
			);
			name = Products;
			sourceTree = "<group>";
		};
		FA45AC6F16AE350D0003A41D /* Frameworks */ = {
			isa = PBXGroup;
			children = (
				FA6F1A5916C19BF700835C75 /* QuartzCore.framework */,
				FA45AC7016AE350D0003A41D /* UIKit.framework */,
				FA45AC7216AE350D0003A41D /* Foundation.framework */,
				FA45AC7416AE350D0003A41D /* CoreGraphics.framework */,
				FA6A2F8B16C2D6F400915AEB /* SenTestingKit.framework */,
			);
			name = Frameworks;
			sourceTree = "<group>";
		};
		FA45AC7616AE350D0003A41D /* PaymentKit Example */ = {
			isa = PBXGroup;
			children = (
				FA45AC7F16AE350D0003A41D /* AppDelegate.h */,
				FA45AC8016AE350D0003A41D /* AppDelegate.m */,
				161409A21871300900387BB8 /* Storyboard.storyboard */,
				BBD8085A239AF74800D15258 /* SwiftPaymentViewController.swift */,
				FA45AC8816AE350E0003A41D /* PaymentViewController.h */,
				FA45AC8916AE350E0003A41D /* PaymentViewController.m */,
				FA45AC7716AE350D0003A41D /* Supporting Files */,
				FA6F1A5B16C1B21000835C75 /* ViewController.h */,
				FA6F1A5C16C1B21000835C75 /* ViewController.m */,
			);
			path = "PaymentKit Example";
			sourceTree = "<group>";
		};
		FA45AC7716AE350D0003A41D /* Supporting Files */ = {
			isa = PBXGroup;
			children = (
				FA45AC7816AE350D0003A41D /* PaymentKit Example-Info.plist */,
				FA45AC7916AE350D0003A41D /* InfoPlist.strings */,
				FA45AC7C16AE350D0003A41D /* main.m */,
				FA45AC7E16AE350D0003A41D /* PaymentKit Example-Prefix.pch */,
				FA45AC8216AE350D0003A41D /* Default.png */,
				FA45AC8416AE350D0003A41D /* Default@2x.png */,
				FA45AC8616AE350E0003A41D /* Default-568h@2x.png */,
			);
			name = "Supporting Files";
			sourceTree = "<group>";
		};
		FA45AC9616AE35210003A41D /* PaymentKit */ = {
			isa = PBXGroup;
			children = (
				BB0708552B4A495C0070369B /* SwiftPort */,
				BB0708382B4A495C0070369B /* PKAddressZip.h */,
				BB0708332B4A495C0070369B /* PKAddressZip.m */,
				BB07085A2B4A495C0070369B /* PKCard.h */,
				BB0708392B4A495C0070369B /* PKCard.m */,
				BB0708362B4A495C0070369B /* PKCardCVC.h */,
				BB0708372B4A495C0070369B /* PKCardCVC.m */,
				BB07082F2B4A495B0070369B /* PKCardExpiry.h */,
				BB0708542B4A495C0070369B /* PKCardExpiry.m */,
				BB0708312B4A495B0070369B /* PKCardNumber.h */,
				BB0708322B4A495C0070369B /* PKCardNumber.m */,
				BB07082E2B4A495B0070369B /* PKCardType.h */,
				BB0708302B4A495B0070369B /* PKTextField.h */,
				BB07082D2B4A495B0070369B /* PKTextField.m */,
				BB0708592B4A495C0070369B /* PKUSAddressZip.h */,
				BB0708352B4A495C0070369B /* PKUSAddressZip.m */,
				BB0708532B4A495C0070369B /* PKView.h */,
				BB0708342B4A495C0070369B /* PKView.m */,
				BB07087C2B4A4A4A0070369B /* Resources */,
			);
			name = PaymentKit;
			path = ../PaymentKit;
			sourceTree = "<group>";
		};
		FA6A2F8F16C2D6F400915AEB /* PaymentKit Test */ = {
			isa = PBXGroup;
			children = (
				FA6A2F9516C2D6F400915AEB /* PKTest.h */,
				FA6A2F9616C2D6F400915AEB /* PKTest.m */,
				FA6A2F9016C2D6F400915AEB /* Supporting Files */,
				FA6A2F9C16C2D89600915AEB /* PKCardNumberTest.h */,
				FA6A2F9D16C2D89600915AEB /* PKCardNumberTest.m */,
				FA6A2FA016C2E00E00915AEB /* PKCardCVCTest.h */,
				FA6A2FA116C2E00E00915AEB /* PKCardCVCTest.m */,
				FA6A2FA416C2E1F400915AEB /* PKCardExpiryTest.h */,
				FA6A2FA516C2E1F400915AEB /* PKCardExpiryTest.m */,
			);
			path = "PaymentKit Test";
			sourceTree = "<group>";
		};
		FA6A2F9016C2D6F400915AEB /* Supporting Files */ = {
			isa = PBXGroup;
			children = (
				FA6A2F9116C2D6F400915AEB /* PaymentKit Test-Info.plist */,
				FA6A2F9216C2D6F400915AEB /* InfoPlist.strings */,
				FA6A2F9816C2D6F400915AEB /* PaymentKit Test-Prefix.pch */,
			);
			name = "Supporting Files";
			sourceTree = "<group>";
		};
/* End PBXGroup section */

/* Begin PBXNativeTarget section */
		FA45AC6B16AE350D0003A41D /* PaymentKit Example */ = {
			isa = PBXNativeTarget;
			buildConfigurationList = FA45AC9316AE350E0003A41D /* Build configuration list for PBXNativeTarget "PaymentKit Example" */;
			buildPhases = (
				FA45AC6816AE350D0003A41D /* Sources */,
				FA45AC6916AE350D0003A41D /* Frameworks */,
				FA45AC6A16AE350D0003A41D /* Resources */,
			);
			buildRules = (
			);
			dependencies = (
			);
			name = "PaymentKit Example";
			productName = "PaymentKit Example";
			productReference = FA45AC6C16AE350D0003A41D /* PaymentKit Example.app */;
			productType = "com.apple.product-type.application";
		};
		FA6A2F8916C2D6F400915AEB /* PaymentKit Test */ = {
			isa = PBXNativeTarget;
			buildConfigurationList = FA6A2F9B16C2D6F400915AEB /* Build configuration list for PBXNativeTarget "PaymentKit Test" */;
			buildPhases = (
				FA6A2F8516C2D6F400915AEB /* Sources */,
				FA6A2F8616C2D6F400915AEB /* Frameworks */,
				FA6A2F8716C2D6F400915AEB /* Resources */,
				FA6A2F8816C2D6F400915AEB /* ShellScript */,
			);
			buildRules = (
			);
			dependencies = (
			);
			name = "PaymentKit Test";
			productName = "PaymentKit Test";
			productReference = FA6A2F8A16C2D6F400915AEB /* PaymentKit Test.octest */;
			productType = "com.apple.product-type.bundle";
		};
/* End PBXNativeTarget section */

/* Begin PBXProject section */
		FA45AC6316AE350D0003A41D /* Project object */ = {
			isa = PBXProject;
			attributes = {
				LastUpgradeCheck = 0450;
				ORGANIZATIONNAME = Stripe;
				TargetAttributes = {
					FA45AC6B16AE350D0003A41D = {
						DevelopmentTeam = PD5GSVG63T;
						LastSwiftMigration = 1120;
					};
				};
			};
			buildConfigurationList = FA45AC6616AE350D0003A41D /* Build configuration list for PBXProject "PaymentKit Example" */;
			compatibilityVersion = "Xcode 3.2";
			developmentRegion = English;
			hasScannedForEncodings = 0;
			knownRegions = (
				English,
				en,
			);
			mainGroup = FA45AC6116AE350D0003A41D;
			productRefGroup = FA45AC6D16AE350D0003A41D /* Products */;
			projectDirPath = "";
			projectRoot = "";
			targets = (
				FA45AC6B16AE350D0003A41D /* PaymentKit Example */,
				FA6A2F8916C2D6F400915AEB /* PaymentKit Test */,
			);
		};
/* End PBXProject section */

/* Begin PBXResourcesBuildPhase section */
		FA45AC6A16AE350D0003A41D /* Resources */ = {
			isa = PBXResourcesBuildPhase;
			buildActionMask = 2147483647;
			files = (
				BB0708A32B4A4A4A0070369B /* amex-outline@2x.png in Resources */,
				FA45AC7B16AE350D0003A41D /* InfoPlist.strings in Resources */,
				FA45AC8316AE350D0003A41D /* Default.png in Resources */,
				BB0708982B4A4A4A0070369B /* diners.png in Resources */,
				BB0708962B4A4A4A0070369B /* discover.png in Resources */,
				BB0708A42B4A4A4A0070369B /* discover@2x.png in Resources */,
				BB0708A82B4A4A4A0070369B /* amex.png in Resources */,
				BB0708972B4A4A4A0070369B /* jcb-outline@2x.png in Resources */,
				BB0708A52B4A4A4A0070369B /* jcb.png in Resources */,
				BB07089D2B4A4A4A0070369B /* visa@2x.png in Resources */,
				BB0708A62B4A4A4A0070369B /* jcb@2x.png in Resources */,
				BB0708952B4A4A4A0070369B /* placeholder@2x.png in Resources */,
				BB0708AA2B4A4A4A0070369B /* mastercard-outline@2x.png in Resources */,
				BB07089C2B4A4A4A0070369B /* cvc-amex@2x.png in Resources */,
				BB07089B2B4A4A4A0070369B /* cvc.png in Resources */,
				FA45AC8516AE350D0003A41D /* Default@2x.png in Resources */,
				BB0708A02B4A4A4A0070369B /* placeholder-outline@2x.png in Resources */,
				BB0708992B4A4A4A0070369B /* cvc-amex.png in Resources */,
				BB07089E2B4A4A4A0070369B /* visa.png in Resources */,
				BB0708A12B4A4A4A0070369B /* placeholder.png in Resources */,
				BB0708A92B4A4A4A0070369B /* mastercard.png in Resources */,
				FA45AC8716AE350E0003A41D /* Default-568h@2x.png in Resources */,
				BB0708A72B4A4A4A0070369B /* amex@2x.png in Resources */,
				BB07089A2B4A4A4A0070369B /* visa-outline@2x.png in Resources */,
				BB0708A22B4A4A4A0070369B /* mastercard@2x.png in Resources */,
				161409A31871300900387BB8 /* Storyboard.storyboard in Resources */,
				BB07089F2B4A4A4A0070369B /* diners@2x.png in Resources */,
				BB0708AB2B4A4A4A0070369B /* cvc@2x.png in Resources */,
			);
			runOnlyForDeploymentPostprocessing = 0;
		};
		FA6A2F8716C2D6F400915AEB /* Resources */ = {
			isa = PBXResourcesBuildPhase;
			buildActionMask = 2147483647;
			files = (
				FA6A2F9416C2D6F400915AEB /* InfoPlist.strings in Resources */,
				FADC4C1D16E1B3080048064A /* PaymentKit Test-Info.plist in Resources */,
			);
			runOnlyForDeploymentPostprocessing = 0;
		};
/* End PBXResourcesBuildPhase section */

/* Begin PBXShellScriptBuildPhase section */
		FA6A2F8816C2D6F400915AEB /* ShellScript */ = {
			isa = PBXShellScriptBuildPhase;
			buildActionMask = 2147483647;
			files = (
			);
			inputPaths = (
			);
			outputPaths = (
			);
			runOnlyForDeploymentPostprocessing = 0;
			shellPath = /bin/sh;
			shellScript = "# Run the unit tests in this test bundle.\n\"${SYSTEM_DEVELOPER_DIR}/Tools/RunUnitTests\"\n";
		};
/* End PBXShellScriptBuildPhase section */

/* Begin PBXSourcesBuildPhase section */
		FA45AC6816AE350D0003A41D /* Sources */ = {
			isa = PBXSourcesBuildPhase;
			buildActionMask = 2147483647;
			files = (
				FA45AC7D16AE350D0003A41D /* main.m in Sources */,
				BB0708792B4A495C0070369B /* PKCardExpiry.m in Sources */,
				BB07085F2B4A495C0070369B /* PKUSAddressZip.m in Sources */,
				FA45AC8116AE350D0003A41D /* AppDelegate.m in Sources */,
				BB07085E2B4A495C0070369B /* PKView.m in Sources */,
				BB07087B2B4A495C0070369B /* SPKCardNumber.swift in Sources */,
				BB0708612B4A495C0070369B /* PKCard.m in Sources */,
				BB07087A2B4A495C0070369B /* SPKCardType.swift in Sources */,
				BB0708602B4A495C0070369B /* PKCardCVC.m in Sources */,
				BB07085B2B4A495C0070369B /* PKTextField.m in Sources */,
				FA45AC8A16AE350E0003A41D /* PaymentViewController.m in Sources */,
				BBD8085B239AF74800D15258 /* SwiftPaymentViewController.swift in Sources */,
				BB07085D2B4A495C0070369B /* PKAddressZip.m in Sources */,
				FA6F1A5E16C1B21000835C75 /* ViewController.m in Sources */,
				BB07085C2B4A495C0070369B /* PKCardNumber.m in Sources */,
			);
			runOnlyForDeploymentPostprocessing = 0;
		};
		FA6A2F8516C2D6F400915AEB /* Sources */ = {
			isa = PBXSourcesBuildPhase;
			buildActionMask = 2147483647;
			files = (
				FA6A2F9716C2D6F400915AEB /* PKTest.m in Sources */,
				FA6A2F9E16C2D89600915AEB /* PKCardNumberTest.m in Sources */,
				FA6A2FA216C2E00E00915AEB /* PKCardCVCTest.m in Sources */,
				FA6A2FA616C2E1F400915AEB /* PKCardExpiryTest.m in Sources */,
			);
			runOnlyForDeploymentPostprocessing = 0;
		};
/* End PBXSourcesBuildPhase section */

/* Begin PBXVariantGroup section */
		FA45AC7916AE350D0003A41D /* InfoPlist.strings */ = {
			isa = PBXVariantGroup;
			children = (
				FA45AC7A16AE350D0003A41D /* en */,
			);
			name = InfoPlist.strings;
			sourceTree = "<group>";
		};
		FA6A2F9216C2D6F400915AEB /* InfoPlist.strings */ = {
			isa = PBXVariantGroup;
			children = (
				FA6A2F9316C2D6F400915AEB /* en */,
			);
			name = InfoPlist.strings;
			sourceTree = "<group>";
		};
/* End PBXVariantGroup section */

/* Begin XCBuildConfiguration section */
		FA45AC9116AE350E0003A41D /* Debug */ = {
			isa = XCBuildConfiguration;
			buildSettings = {
				ALWAYS_SEARCH_USER_PATHS = NO;
				CLANG_CXX_LANGUAGE_STANDARD = "gnu++0x";
				CLANG_CXX_LIBRARY = "libc++";
				CLANG_ENABLE_OBJC_ARC = YES;
				CLANG_WARN_EMPTY_BODY = YES;
				CLANG_WARN__DUPLICATE_METHOD_MATCH = YES;
				"CODE_SIGN_IDENTITY[sdk=iphoneos*]" = "iPhone Developer";
				COPY_PHASE_STRIP = NO;
				GCC_C_LANGUAGE_STANDARD = gnu99;
				GCC_DYNAMIC_NO_PIC = NO;
				GCC_OPTIMIZATION_LEVEL = 0;
				GCC_PREPROCESSOR_DEFINITIONS = (
					"DEBUG=1",
					"$(inherited)",
				);
				GCC_SYMBOLS_PRIVATE_EXTERN = NO;
				GCC_WARN_ABOUT_RETURN_TYPE = YES;
				GCC_WARN_UNINITIALIZED_AUTOS = YES;
				GCC_WARN_UNUSED_VARIABLE = YES;
				IPHONEOS_DEPLOYMENT_TARGET = 10.0;
				ONLY_ACTIVE_ARCH = YES;
				SDKROOT = iphoneos;
				TARGETED_DEVICE_FAMILY = "1,2";
			};
			name = Debug;
		};
		FA45AC9216AE350E0003A41D /* Release */ = {
			isa = XCBuildConfiguration;
			buildSettings = {
				ALWAYS_SEARCH_USER_PATHS = NO;
				CLANG_CXX_LANGUAGE_STANDARD = "gnu++0x";
				CLANG_CXX_LIBRARY = "libc++";
				CLANG_ENABLE_OBJC_ARC = YES;
				CLANG_WARN_EMPTY_BODY = YES;
				CLANG_WARN__DUPLICATE_METHOD_MATCH = YES;
				"CODE_SIGN_IDENTITY[sdk=iphoneos*]" = "iPhone Developer";
				COPY_PHASE_STRIP = YES;
				GCC_C_LANGUAGE_STANDARD = gnu99;
				GCC_WARN_ABOUT_RETURN_TYPE = YES;
				GCC_WARN_UNINITIALIZED_AUTOS = YES;
				GCC_WARN_UNUSED_VARIABLE = YES;
				IPHONEOS_DEPLOYMENT_TARGET = 10.0;
				OTHER_CFLAGS = "-DNS_BLOCK_ASSERTIONS=1";
				SDKROOT = iphoneos;
				TARGETED_DEVICE_FAMILY = "1,2";
				VALIDATE_PRODUCT = YES;
			};
			name = Release;
		};
		FA45AC9416AE350E0003A41D /* Debug */ = {
			isa = XCBuildConfiguration;
			buildSettings = {
				CLANG_ENABLE_MODULES = YES;
				DEVELOPMENT_TEAM = PD5GSVG63T;
				GCC_PRECOMPILE_PREFIX_HEADER = YES;
				GCC_PREFIX_HEADER = "PaymentKit Example/PaymentKit Example-Prefix.pch";
				INFOPLIST_FILE = "PaymentKit Example/PaymentKit Example-Info.plist";
				IPHONEOS_DEPLOYMENT_TARGET = 11.0;
				LD_RUNPATH_SEARCH_PATHS = "$(inherited) @executable_path/Frameworks";
				PRODUCT_BUNDLE_IDENTIFIER = "alokchoudhary.com.PaymentKit-Example";
				PRODUCT_NAME = "PaymentKit Example";
				SWIFT_OBJC_BRIDGING_HEADER = "../Sources/PaymentKit/SwiftPort/bridging-Header.h";
				SWIFT_OPTIMIZATION_LEVEL = "-Onone";
				SWIFT_VERSION = 5.0;
				TARGETED_DEVICE_FAMILY = 1;
				WRAPPER_EXTENSION = app;
			};
			name = Debug;
		};
		FA45AC9516AE350E0003A41D /* Release */ = {
			isa = XCBuildConfiguration;
			buildSettings = {
				CLANG_ENABLE_MODULES = YES;
				DEVELOPMENT_TEAM = PD5GSVG63T;
				GCC_PRECOMPILE_PREFIX_HEADER = YES;
				GCC_PREFIX_HEADER = "PaymentKit Example/PaymentKit Example-Prefix.pch";
				INFOPLIST_FILE = "PaymentKit Example/PaymentKit Example-Info.plist";
				IPHONEOS_DEPLOYMENT_TARGET = 11.0;
				LD_RUNPATH_SEARCH_PATHS = "$(inherited) @executable_path/Frameworks";
				PRODUCT_BUNDLE_IDENTIFIER = "alokchoudhary.com.PaymentKit-Example";
				PRODUCT_NAME = "PaymentKit Example";
				SWIFT_OBJC_BRIDGING_HEADER = "../Sources/PaymentKit/SwiftPort/bridging-Header.h";
				SWIFT_VERSION = 5.0;
				TARGETED_DEVICE_FAMILY = 1;
				WRAPPER_EXTENSION = app;
			};
			name = Release;
		};
		FA6A2F9916C2D6F400915AEB /* Debug */ = {
			isa = XCBuildConfiguration;
			buildSettings = {
				CLANG_WARN_CONSTANT_CONVERSION = YES;
				CLANG_WARN_ENUM_CONVERSION = YES;
				CLANG_WARN_INT_CONVERSION = YES;
				FRAMEWORK_SEARCH_PATHS = (
					"\"$(SDKROOT)/Developer/Library/Frameworks\"",
					"\"$(DEVELOPER_LIBRARY_DIR)/Frameworks\"",
				);
				GCC_PRECOMPILE_PREFIX_HEADER = YES;
				GCC_PREFIX_HEADER = "PaymentKit Test/PaymentKit Test-Prefix.pch";
				INFOPLIST_FILE = "PaymentKit Test/PaymentKit Test-Info.plist";
				IPHONEOS_DEPLOYMENT_TARGET = 6.1;
				PRODUCT_NAME = "$(TARGET_NAME)";
				WRAPPER_EXTENSION = octest;
			};
			name = Debug;
		};
		FA6A2F9A16C2D6F400915AEB /* Release */ = {
			isa = XCBuildConfiguration;
			buildSettings = {
				CLANG_WARN_CONSTANT_CONVERSION = YES;
				CLANG_WARN_ENUM_CONVERSION = YES;
				CLANG_WARN_INT_CONVERSION = YES;
				FRAMEWORK_SEARCH_PATHS = (
					"\"$(SDKROOT)/Developer/Library/Frameworks\"",
					"\"$(DEVELOPER_LIBRARY_DIR)/Frameworks\"",
				);
				GCC_PRECOMPILE_PREFIX_HEADER = YES;
				GCC_PREFIX_HEADER = "PaymentKit Test/PaymentKit Test-Prefix.pch";
				INFOPLIST_FILE = "PaymentKit Test/PaymentKit Test-Info.plist";
				IPHONEOS_DEPLOYMENT_TARGET = 6.1;
				PRODUCT_NAME = "$(TARGET_NAME)";
				WRAPPER_EXTENSION = octest;
			};
			name = Release;
		};
/* End XCBuildConfiguration section */

/* Begin XCConfigurationList section */
		FA45AC6616AE350D0003A41D /* Build configuration list for PBXProject "PaymentKit Example" */ = {
			isa = XCConfigurationList;
			buildConfigurations = (
				FA45AC9116AE350E0003A41D /* Debug */,
				FA45AC9216AE350E0003A41D /* Release */,
			);
			defaultConfigurationIsVisible = 0;
			defaultConfigurationName = Release;
		};
		FA45AC9316AE350E0003A41D /* Build configuration list for PBXNativeTarget "PaymentKit Example" */ = {
			isa = XCConfigurationList;
			buildConfigurations = (
				FA45AC9416AE350E0003A41D /* Debug */,
				FA45AC9516AE350E0003A41D /* Release */,
			);
			defaultConfigurationIsVisible = 0;
			defaultConfigurationName = Release;
		};
		FA6A2F9B16C2D6F400915AEB /* Build configuration list for PBXNativeTarget "PaymentKit Test" */ = {
			isa = XCConfigurationList;
			buildConfigurations = (
				FA6A2F9916C2D6F400915AEB /* Debug */,
				FA6A2F9A16C2D6F400915AEB /* Release */,
			);
			defaultConfigurationIsVisible = 0;
			defaultConfigurationName = Release;
		};
/* End XCConfigurationList section */
	};
	rootObject = FA45AC6316AE350D0003A41D /* Project object */;
}
